// !$*UTF8*$!
{
	archiveVersion = 1;
	classes = {
	};
	objectVersion = 46;
	objects = {

/* Begin PBXBuildFile section */
		1DDD58160DA1D0A300B32029 /* MainMenu.xib in Resources */ = {isa = PBXBuildFile; fileRef = 1DDD58140DA1D0A300B32029 /* MainMenu.xib */; };
		3424A8E30E4F2DC1003C9F96 /* ControllerG.m in Sources */ = {isa = PBXBuildFile; fileRef = 3424A8E20E4F2DC1003C9F96 /* ControllerG.m */; };
		342C6196101E637F00E29FEB /* epstopdf in Resources */ = {isa = PBXBuildFile; fileRef = 342C6194101E637F00E29FEB /* epstopdf */; };
		342C6197101E637F00E29FEB /* pdfcrop in Resources */ = {isa = PBXBuildFile; fileRef = 342C6195101E637F00E29FEB /* pdfcrop */; };
		3432CA3C1026168A009631F9 /* NSDictionary-Extension.m in Sources */ = {isa = PBXBuildFile; fileRef = 34CF33A310260315009A8CA6 /* NSDictionary-Extension.m */; };
		34670DD6125B7AC3002308EF /* dsa_pub.pem in Resources */ = {isa = PBXBuildFile; fileRef = 34670DD5125B7AC3002308EF /* dsa_pub.pem */; };
		34821EC810282CF9008DEB1F /* ProfileController.m in Sources */ = {isa = PBXBuildFile; fileRef = 34821EC710282CF9008DEB1F /* ProfileController.m */; };
		348507F8125AC21E0058A26B /* Sparkle.framework in Frameworks */ = {isa = PBXBuildFile; fileRef = 348507F7125AC21E0058A26B /* Sparkle.framework */; };
		34850828125AC9E30058A26B /* Sparkle.framework in フレームワークをコピー */ = {isa = PBXBuildFile; fileRef = 348507F7125AC21E0058A26B /* Sparkle.framework */; };
		348BB5190F08C3850063003D /* Converter.m in Sources */ = {isa = PBXBuildFile; fileRef = 348BB5180F08C3850063003D /* Converter.m */; };
		348D7281125A566A003AF902 /* TeXTextView-CommandCompletion.m in Sources */ = {isa = PBXBuildFile; fileRef = 348D7280125A566A003AF902 /* TeXTextView-CommandCompletion.m */; };
		348D729D125A56D9003AF902 /* TeXTextView-Colorize.m in Sources */ = {isa = PBXBuildFile; fileRef = 348D729C125A56D9003AF902 /* TeXTextView-Colorize.m */; };
		34BF870C12AC10D20099654C /* MyLayoutManager.m in Sources */ = {isa = PBXBuildFile; fileRef = 34BF870B12AC10D20099654C /* MyLayoutManager.m */; };
		34CF33A410260315009A8CA6 /* NSDictionary-Extension.m in Sources */ = {isa = PBXBuildFile; fileRef = 34CF33A310260315009A8CA6 /* NSDictionary-Extension.m */; };
		34D41D1E17A6BE2C00997795 /* NSString-Extension.m in Sources */ = {isa = PBXBuildFile; fileRef = 34D41D1D17A6BE2C00997795 /* NSString-Extension.m */; };
		34D41D1F17A6BE2C00997795 /* NSString-Extension.m in Sources */ = {isa = PBXBuildFile; fileRef = 34D41D1D17A6BE2C00997795 /* NSString-Extension.m */; };
		70254EF010353485000D6D05 /* TeXTextView.m in Sources */ = {isa = PBXBuildFile; fileRef = 70254EEF10353485000D6D05 /* TeXTextView.m */; };
		7025539910353D33000D6D05 /* NSMutableString-Extension.m in Sources */ = {isa = PBXBuildFile; fileRef = 7025539810353D33000D6D05 /* NSMutableString-Extension.m */; };
		7048DB7A0E533B5400BC6DA3 /* TeX2imgIcon.icns in Resources */ = {isa = PBXBuildFile; fileRef = 7048DB790E533B5400BC6DA3 /* TeX2imgIcon.icns */; };
		705DC7A50F1197E90052AFA5 /* ControllerC.m in Sources */ = {isa = PBXBuildFile; fileRef = 705DC3550F10E4670052AFA5 /* ControllerC.m */; };
		705DC7A60F1197E90052AFA5 /* Converter.m in Sources */ = {isa = PBXBuildFile; fileRef = 348BB5180F08C3850063003D /* Converter.m */; };
		705DC7A70F1197E90052AFA5 /* mainc.m in Sources */ = {isa = PBXBuildFile; fileRef = 705DC2BB0F10E0B00052AFA5 /* mainc.m */; };
		705DC7A80F1197EE0052AFA5 /* Cocoa.framework in Frameworks */ = {isa = PBXBuildFile; fileRef = 1058C7A1FEA54F0111CA2CBB /* Cocoa.framework */; };
		705DC7A90F1197EE0052AFA5 /* Quartz.framework in Frameworks */ = {isa = PBXBuildFile; fileRef = 7087BD5D0F0E3CD600A06CF5 /* Quartz.framework */; };
		7087BD5E0F0E3CD600A06CF5 /* Quartz.framework in Frameworks */ = {isa = PBXBuildFile; fileRef = 7087BD5D0F0E3CD600A06CF5 /* Quartz.framework */; };
		8D11072B0486CEB800E47090 /* InfoPlist.strings in Resources */ = {isa = PBXBuildFile; fileRef = 089C165CFE840E0CC02AAC07 /* InfoPlist.strings */; };
		8D11072D0486CEB800E47090 /* main.m in Sources */ = {isa = PBXBuildFile; fileRef = 29B97316FDCFA39411CA2CEA /* main.m */; settings = {ATTRIBUTES = (); }; };
		8D11072F0486CEB800E47090 /* Cocoa.framework in Frameworks */ = {isa = PBXBuildFile; fileRef = 1058C7A1FEA54F0111CA2CBB /* Cocoa.framework */; };
		CE4A31F10E5036500095D4FC /* Localizable.strings in Resources */ = {isa = PBXBuildFile; fileRef = CE4A31F00E5036500095D4FC /* Localizable.strings */; };
/* End PBXBuildFile section */

/* Begin PBXCopyFilesBuildPhase section */
		34850826125AC99A0058A26B /* フレームワークをコピー */ = {
			isa = PBXCopyFilesBuildPhase;
			buildActionMask = 2147483647;
			dstPath = "";
			dstSubfolderSpec = 10;
			files = (
				34850828125AC9E30058A26B /* Sparkle.framework in フレームワークをコピー */,
			);
			name = "フレームワークをコピー";
			runOnlyForDeploymentPostprocessing = 0;
		};
/* End PBXCopyFilesBuildPhase section */

/* Begin PBXFileReference section */
		089C165DFE840E0CC02AAC07 /* English */ = {isa = PBXFileReference; fileEncoding = 10; lastKnownFileType = text.plist.strings; name = English; path = English.lproj/InfoPlist.strings; sourceTree = "<group>"; };
		1058C7A1FEA54F0111CA2CBB /* Cocoa.framework */ = {isa = PBXFileReference; lastKnownFileType = wrapper.framework; name = Cocoa.framework; path = /System/Library/Frameworks/Cocoa.framework; sourceTree = "<absolute>"; };
		13E42FB307B3F0F600E4EEF1 /* CoreData.framework */ = {isa = PBXFileReference; lastKnownFileType = wrapper.framework; name = CoreData.framework; path = /System/Library/Frameworks/CoreData.framework; sourceTree = "<absolute>"; };
		1DDD58150DA1D0A300B32029 /* English */ = {isa = PBXFileReference; lastKnownFileType = file.xib; name = English; path = English.lproj/MainMenu.xib; sourceTree = "<group>"; };
		29B97316FDCFA39411CA2CEA /* main.m */ = {isa = PBXFileReference; fileEncoding = 4; lastKnownFileType = sourcecode.c.objc; path = main.m; sourceTree = "<group>"; };
		29B97324FDCFA39411CA2CEA /* AppKit.framework */ = {isa = PBXFileReference; lastKnownFileType = wrapper.framework; name = AppKit.framework; path = /System/Library/Frameworks/AppKit.framework; sourceTree = "<absolute>"; };
		29B97325FDCFA39411CA2CEA /* Foundation.framework */ = {isa = PBXFileReference; lastKnownFileType = wrapper.framework; name = Foundation.framework; path = /System/Library/Frameworks/Foundation.framework; sourceTree = "<absolute>"; };
		32CA4F630368D1EE00C91783 /* TeX2img_Prefix.pch */ = {isa = PBXFileReference; fileEncoding = 4; lastKnownFileType = sourcecode.c.h; path = TeX2img_Prefix.pch; sourceTree = "<group>"; };
		3424A8DF0E4F2C3B003C9F96 /* Japanese */ = {isa = PBXFileReference; lastKnownFileType = file.xib; name = Japanese; path = Japanese.lproj/MainMenu.xib; sourceTree = "<group>"; };
		3424A8E10E4F2DC1003C9F96 /* ControllerG.h */ = {isa = PBXFileReference; fileEncoding = 4; lastKnownFileType = sourcecode.c.h; path = ControllerG.h; sourceTree = "<group>"; };
		3424A8E20E4F2DC1003C9F96 /* ControllerG.m */ = {isa = PBXFileReference; fileEncoding = 4; lastKnownFileType = sourcecode.c.objc; path = ControllerG.m; sourceTree = "<group>"; };
		342C6194101E637F00E29FEB /* epstopdf */ = {isa = PBXFileReference; fileEncoding = 4; lastKnownFileType = text; path = epstopdf; sourceTree = "<group>"; };
		342C6195101E637F00E29FEB /* pdfcrop */ = {isa = PBXFileReference; fileEncoding = 4; lastKnownFileType = text.script.perl; path = pdfcrop; sourceTree = "<group>"; };
		34670DD5125B7AC3002308EF /* dsa_pub.pem */ = {isa = PBXFileReference; fileEncoding = 4; lastKnownFileType = text; path = dsa_pub.pem; sourceTree = "<group>"; };
		34821EC610282CF9008DEB1F /* ProfileController.h */ = {isa = PBXFileReference; fileEncoding = 4; lastKnownFileType = sourcecode.c.h; path = ProfileController.h; sourceTree = "<group>"; };
		34821EC710282CF9008DEB1F /* ProfileController.m */ = {isa = PBXFileReference; fileEncoding = 4; lastKnownFileType = sourcecode.c.objc; path = ProfileController.m; sourceTree = "<group>"; };
		348507F7125AC21E0058A26B /* Sparkle.framework */ = {isa = PBXFileReference; lastKnownFileType = wrapper.framework; path = Sparkle.framework; sourceTree = "<group>"; };
		348BB5170F08C3850063003D /* Converter.h */ = {isa = PBXFileReference; fileEncoding = 4; lastKnownFileType = sourcecode.c.h; path = Converter.h; sourceTree = "<group>"; };
		348BB5180F08C3850063003D /* Converter.m */ = {isa = PBXFileReference; fileEncoding = 4; lastKnownFileType = sourcecode.c.objc; path = Converter.m; sourceTree = "<group>"; };
		348D7280125A566A003AF902 /* TeXTextView-CommandCompletion.m */ = {isa = PBXFileReference; fileEncoding = 4; lastKnownFileType = sourcecode.c.objc; path = "TeXTextView-CommandCompletion.m"; sourceTree = "<group>"; };
		348D729C125A56D9003AF902 /* TeXTextView-Colorize.m */ = {isa = PBXFileReference; fileEncoding = 4; lastKnownFileType = sourcecode.c.objc; path = "TeXTextView-Colorize.m"; sourceTree = "<group>"; };
		348D72A1125A57B8003AF902 /* global.h */ = {isa = PBXFileReference; fileEncoding = 4; lastKnownFileType = sourcecode.c.h; path = global.h; sourceTree = "<group>"; };
		34BF870A12AC10D20099654C /* MyLayoutManager.h */ = {isa = PBXFileReference; fileEncoding = 4; lastKnownFileType = sourcecode.c.h; path = MyLayoutManager.h; sourceTree = "<group>"; };
		34BF870B12AC10D20099654C /* MyLayoutManager.m */ = {isa = PBXFileReference; fileEncoding = 4; lastKnownFileType = sourcecode.c.objc; path = MyLayoutManager.m; sourceTree = "<group>"; };
		34CF33A210260315009A8CA6 /* NSDictionary-Extension.h */ = {isa = PBXFileReference; fileEncoding = 4; lastKnownFileType = sourcecode.c.h; path = "NSDictionary-Extension.h"; sourceTree = "<group>"; };
		34CF33A310260315009A8CA6 /* NSDictionary-Extension.m */ = {isa = PBXFileReference; fileEncoding = 4; lastKnownFileType = sourcecode.c.objc; path = "NSDictionary-Extension.m"; sourceTree = "<group>"; };
		34D41D1C17A6BE2C00997795 /* NSString-Extension.h */ = {isa = PBXFileReference; fileEncoding = 4; lastKnownFileType = sourcecode.c.h; path = "NSString-Extension.h"; sourceTree = "<group>"; };
		34D41D1D17A6BE2C00997795 /* NSString-Extension.m */ = {isa = PBXFileReference; fileEncoding = 4; lastKnownFileType = sourcecode.c.objc; path = "NSString-Extension.m"; sourceTree = "<group>"; };
		70254EEE10353485000D6D05 /* TeXTextView.h */ = {isa = PBXFileReference; fileEncoding = 4; lastKnownFileType = sourcecode.c.h; path = TeXTextView.h; sourceTree = "<group>"; };
		70254EEF10353485000D6D05 /* TeXTextView.m */ = {isa = PBXFileReference; fileEncoding = 4; lastKnownFileType = sourcecode.c.objc; path = TeXTextView.m; sourceTree = "<group>"; };
		7025539710353D33000D6D05 /* NSMutableString-Extension.h */ = {isa = PBXFileReference; fileEncoding = 4; lastKnownFileType = sourcecode.c.h; path = "NSMutableString-Extension.h"; sourceTree = "<group>"; };
		7025539810353D33000D6D05 /* NSMutableString-Extension.m */ = {isa = PBXFileReference; fileEncoding = 4; lastKnownFileType = sourcecode.c.objc; path = "NSMutableString-Extension.m"; sourceTree = "<group>"; };
		7048DB790E533B5400BC6DA3 /* TeX2imgIcon.icns */ = {isa = PBXFileReference; lastKnownFileType = image.icns; path = TeX2imgIcon.icns; sourceTree = "<group>"; };
		705DC2BB0F10E0B00052AFA5 /* mainc.m */ = {isa = PBXFileReference; fileEncoding = 4; lastKnownFileType = sourcecode.c.objc; path = mainc.m; sourceTree = "<group>"; };
		705DC3540F10E4670052AFA5 /* ControllerC.h */ = {isa = PBXFileReference; fileEncoding = 4; lastKnownFileType = sourcecode.c.h; path = ControllerC.h; sourceTree = "<group>"; };
		705DC3550F10E4670052AFA5 /* ControllerC.m */ = {isa = PBXFileReference; fileEncoding = 4; lastKnownFileType = sourcecode.c.objc; path = ControllerC.m; sourceTree = "<group>"; };
		705DC7A10F1197DC0052AFA5 /* tex2img */ = {isa = PBXFileReference; explicitFileType = "compiled.mach-o.executable"; includeInIndex = 0; path = tex2img; sourceTree = BUILT_PRODUCTS_DIR; };
		7087BD5D0F0E3CD600A06CF5 /* Quartz.framework */ = {isa = PBXFileReference; lastKnownFileType = wrapper.framework; name = Quartz.framework; path = /System/Library/Frameworks/Quartz.framework; sourceTree = "<absolute>"; };
		8D1107310486CEB800E47090 /* Info.plist */ = {isa = PBXFileReference; fileEncoding = 4; lastKnownFileType = text.plist.xml; path = Info.plist; sourceTree = "<group>"; };
		8D1107320486CEB800E47090 /* TeX2img.app */ = {isa = PBXFileReference; explicitFileType = wrapper.application; includeInIndex = 0; path = TeX2img.app; sourceTree = BUILT_PRODUCTS_DIR; };
		CE4A31EC0E5035E00095D4FC /* Japanese */ = {isa = PBXFileReference; lastKnownFileType = text.plist.strings; name = Japanese; path = Japanese.lproj/InfoPlist.strings; sourceTree = "<group>"; };
		CE4A31EE0E5036460095D4FC /* English */ = {isa = PBXFileReference; fileEncoding = 4; lastKnownFileType = text.plist.strings; name = English; path = English.lproj/Localizable.strings; sourceTree = "<group>"; };
		CE4A31F20E50366D0095D4FC /* Japanese */ = {isa = PBXFileReference; lastKnownFileType = text.plist.strings; name = Japanese; path = Japanese.lproj/Localizable.strings; sourceTree = "<group>"; };
/* End PBXFileReference section */

/* Begin PBXFrameworksBuildPhase section */
		705DC79F0F1197DC0052AFA5 /* Frameworks */ = {
			isa = PBXFrameworksBuildPhase;
			buildActionMask = 2147483647;
			files = (
				705DC7A80F1197EE0052AFA5 /* Cocoa.framework in Frameworks */,
				705DC7A90F1197EE0052AFA5 /* Quartz.framework in Frameworks */,
			);
			runOnlyForDeploymentPostprocessing = 0;
		};
		8D11072E0486CEB800E47090 /* Frameworks */ = {
			isa = PBXFrameworksBuildPhase;
			buildActionMask = 2147483647;
			files = (
				8D11072F0486CEB800E47090 /* Cocoa.framework in Frameworks */,
				7087BD5E0F0E3CD600A06CF5 /* Quartz.framework in Frameworks */,
				348507F8125AC21E0058A26B /* Sparkle.framework in Frameworks */,
			);
			runOnlyForDeploymentPostprocessing = 0;
		};
/* End PBXFrameworksBuildPhase section */

/* Begin PBXGroup section */
		080E96DDFE201D6D7F000001 /* Classes */ = {
			isa = PBXGroup;
			children = (
				34BF870A12AC10D20099654C /* MyLayoutManager.h */,
				34BF870B12AC10D20099654C /* MyLayoutManager.m */,
				34821EC610282CF9008DEB1F /* ProfileController.h */,
				34821EC710282CF9008DEB1F /* ProfileController.m */,
				348BB5170F08C3850063003D /* Converter.h */,
				348BB5180F08C3850063003D /* Converter.m */,
				3424A8E10E4F2DC1003C9F96 /* ControllerG.h */,
				3424A8E20E4F2DC1003C9F96 /* ControllerG.m */,
				705DC3540F10E4670052AFA5 /* ControllerC.h */,
				705DC3550F10E4670052AFA5 /* ControllerC.m */,
				70254EEE10353485000D6D05 /* TeXTextView.h */,
				70254EEF10353485000D6D05 /* TeXTextView.m */,
				348D7280125A566A003AF902 /* TeXTextView-CommandCompletion.m */,
				348D729C125A56D9003AF902 /* TeXTextView-Colorize.m */,
				34CF33A210260315009A8CA6 /* NSDictionary-Extension.h */,
				34CF33A310260315009A8CA6 /* NSDictionary-Extension.m */,
				7025539710353D33000D6D05 /* NSMutableString-Extension.h */,
				7025539810353D33000D6D05 /* NSMutableString-Extension.m */,
				34D41D1C17A6BE2C00997795 /* NSString-Extension.h */,
				34D41D1D17A6BE2C00997795 /* NSString-Extension.m */,
			);
			name = Classes;
			sourceTree = "<group>";
		};
		1058C7A0FEA54F0111CA2CBB /* Linked Frameworks */ = {
			isa = PBXGroup;
			children = (
				348507F7125AC21E0058A26B /* Sparkle.framework */,
				1058C7A1FEA54F0111CA2CBB /* Cocoa.framework */,
				7087BD5D0F0E3CD600A06CF5 /* Quartz.framework */,
			);
			name = "Linked Frameworks";
			sourceTree = "<group>";
		};
		1058C7A2FEA54F0111CA2CBB /* Other Frameworks */ = {
			isa = PBXGroup;
			children = (
				29B97324FDCFA39411CA2CEA /* AppKit.framework */,
				13E42FB307B3F0F600E4EEF1 /* CoreData.framework */,
				29B97325FDCFA39411CA2CEA /* Foundation.framework */,
			);
			name = "Other Frameworks";
			sourceTree = "<group>";
		};
		19C28FACFE9D520D11CA2CBB /* Products */ = {
			isa = PBXGroup;
			children = (
				8D1107320486CEB800E47090 /* TeX2img.app */,
				705DC7A10F1197DC0052AFA5 /* tex2img */,
			);
			name = Products;
			sourceTree = "<group>";
		};
		29B97314FDCFA39411CA2CEA /* TeX2img */ = {
			isa = PBXGroup;
			children = (
				080E96DDFE201D6D7F000001 /* Classes */,
				29B97315FDCFA39411CA2CEA /* Other Sources */,
				29B97317FDCFA39411CA2CEA /* Resources */,
				29B97323FDCFA39411CA2CEA /* Frameworks */,
				19C28FACFE9D520D11CA2CBB /* Products */,
			);
			name = TeX2img;
			sourceTree = "<group>";
		};
		29B97315FDCFA39411CA2CEA /* Other Sources */ = {
			isa = PBXGroup;
			children = (
				348D72A1125A57B8003AF902 /* global.h */,
				32CA4F630368D1EE00C91783 /* TeX2img_Prefix.pch */,
				29B97316FDCFA39411CA2CEA /* main.m */,
				705DC2BB0F10E0B00052AFA5 /* mainc.m */,
			);
			name = "Other Sources";
			sourceTree = "<group>";
		};
		29B97317FDCFA39411CA2CEA /* Resources */ = {
			isa = PBXGroup;
			children = (
				34670DD5125B7AC3002308EF /* dsa_pub.pem */,
				342C6194101E637F00E29FEB /* epstopdf */,
				342C6195101E637F00E29FEB /* pdfcrop */,
				7048DB790E533B5400BC6DA3 /* TeX2imgIcon.icns */,
				8D1107310486CEB800E47090 /* Info.plist */,
				089C165CFE840E0CC02AAC07 /* InfoPlist.strings */,
				1DDD58140DA1D0A300B32029 /* MainMenu.xib */,
				CE4A31F00E5036500095D4FC /* Localizable.strings */,
			);
			name = Resources;
			sourceTree = "<group>";
		};
		29B97323FDCFA39411CA2CEA /* Frameworks */ = {
			isa = PBXGroup;
			children = (
				1058C7A0FEA54F0111CA2CBB /* Linked Frameworks */,
				1058C7A2FEA54F0111CA2CBB /* Other Frameworks */,
			);
			name = Frameworks;
			sourceTree = "<group>";
		};
/* End PBXGroup section */

/* Begin PBXNativeTarget section */
		705DC7A00F1197DC0052AFA5 /* tex2img */ = {
			isa = PBXNativeTarget;
			buildConfigurationList = 705DC7B40F1197F80052AFA5 /* Build configuration list for PBXNativeTarget "tex2img" */;
			buildPhases = (
				705DC79E0F1197DC0052AFA5 /* Sources */,
				705DC79F0F1197DC0052AFA5 /* Frameworks */,
			);
			buildRules = (
			);
			dependencies = (
			);
			name = tex2img;
			productName = tex2img;
			productReference = 705DC7A10F1197DC0052AFA5 /* tex2img */;
			productType = "com.apple.product-type.tool";
		};
		8D1107260486CEB800E47090 /* TeX2img */ = {
			isa = PBXNativeTarget;
			buildConfigurationList = C01FCF4A08A954540054247B /* Build configuration list for PBXNativeTarget "TeX2img" */;
			buildPhases = (
				8D1107290486CEB800E47090 /* Resources */,
				34850826125AC99A0058A26B /* フレームワークをコピー */,
				8D11072C0486CEB800E47090 /* Sources */,
				8D11072E0486CEB800E47090 /* Frameworks */,
				34670E17125B7F6F002308EF /* ShellScript */,
			);
			buildRules = (
			);
			dependencies = (
			);
			name = TeX2img;
			productInstallPath = "$(HOME)/Applications";
			productName = TeX2img;
			productReference = 8D1107320486CEB800E47090 /* TeX2img.app */;
			productType = "com.apple.product-type.application";
		};
/* End PBXNativeTarget section */

/* Begin PBXProject section */
		29B97313FDCFA39411CA2CEA /* Project object */ = {
			isa = PBXProject;
			attributes = {
				LastUpgradeCheck = 0500;
			};
			buildConfigurationList = C01FCF4E08A954540054247B /* Build configuration list for PBXProject "TeX2img" */;
			compatibilityVersion = "Xcode 3.2";
			developmentRegion = English;
			hasScannedForEncodings = 1;
			knownRegions = (
				English,
				Japanese,
				French,
				German,
			);
			mainGroup = 29B97314FDCFA39411CA2CEA /* TeX2img */;
			projectDirPath = "";
			projectRoot = "";
			targets = (
				8D1107260486CEB800E47090 /* TeX2img */,
				705DC7A00F1197DC0052AFA5 /* tex2img */,
			);
		};
/* End PBXProject section */

/* Begin PBXResourcesBuildPhase section */
		8D1107290486CEB800E47090 /* Resources */ = {
			isa = PBXResourcesBuildPhase;
			buildActionMask = 2147483647;
			files = (
				8D11072B0486CEB800E47090 /* InfoPlist.strings in Resources */,
				1DDD58160DA1D0A300B32029 /* MainMenu.xib in Resources */,
				CE4A31F10E5036500095D4FC /* Localizable.strings in Resources */,
				7048DB7A0E533B5400BC6DA3 /* TeX2imgIcon.icns in Resources */,
				342C6196101E637F00E29FEB /* epstopdf in Resources */,
				342C6197101E637F00E29FEB /* pdfcrop in Resources */,
				34670DD6125B7AC3002308EF /* dsa_pub.pem in Resources */,
			);
			runOnlyForDeploymentPostprocessing = 0;
		};
/* End PBXResourcesBuildPhase section */

/* Begin PBXShellScriptBuildPhase section */
		34670E17125B7F6F002308EF /* ShellScript */ = {
			isa = PBXShellScriptBuildPhase;
			buildActionMask = 2147483647;
			files = (
			);
			inputPaths = (
			);
			outputPaths = (
			);
			runOnlyForDeploymentPostprocessing = 0;
			shellPath = /usr/bin/ruby;
			shellScript = "require 'pathname'\nVER = `cat Info.plist |tr -d '\\012'| perl -e \"while(<>){if (\\\\$_ =~ /CFBundleVersion\\\\<\\\\/key\\\\>\\\\t\\\\<string\\\\>(.+?)\\<\\\\/string\\\\>/) {print \\\\$1;}}\"`\nBUILD_DIR = ENV['BUILD_DIR']\nCONFIGURATION = ENV['CONFIGURATION']\nPRODUCT_NAME = ENV['PRODUCT_NAME']\nDMG = \"#{BUILD_DIR}/#{CONFIGURATION}/#{PRODUCT_NAME}_#{VER}.dmg\"\nAPPCAST = Pathname.pwd.parent.join(\"#{PRODUCT_NAME}_Appcast\").to_s\nOUTPUT = \"#{BUILD_DIR}/#{CONFIGURATION}/deploy.sh\"\n\nscript = <<EOS\nAPPCAST=#{APPCAST}\nif [ -e \"#{DMG}\" ]; then rm \"#{DMG}\"; fi\nif [ -e ${APPCAST}2.xml ]; then rm ${APPCAST}2.xml; fi\nif [ -e ${APPCAST}3.xml ]; then rm ${APPCAST}3.xml; fi\nif [ -e ${APPCAST}_New.xml ]; then rm ${APPCAST}_New.xml; fi\n\nhdiutil create -ov -srcfolder \"#{BUILD_DIR}/#{CONFIGURATION}/#{PRODUCT_NAME}.app\" -fs HFS+ -format UDZO -imagekey zlib-level=9 -volname \"#{PRODUCT_NAME}\" \"#{DMG}\"\n\nSIGNATURE=$(openssl dgst -sha1 -binary < \"#{DMG}\" | openssl dgst -dss1 -sign #{Pathname.pwd.parent.parent.join(\"証明書/dsa_priv.pem\").to_s} | openssl enc -base64)\nsed -e \"s|dsaSignature=\\\".*\\\"|dsaSignature=\\\"$SIGNATURE\\\"|\" ${APPCAST}.xml > ${APPCAST}2.xml\n\n\nLENGTH=$(ls -l \"#{DMG}\" | sed -e 's/  */ /g' | cut -d ' ' -f5  | tr -d '\\012')\nsed -e \"s/length=\\\".*\\\"/length=\\\"$LENGTH\\\"/\"  ${APPCAST}2.xml > ${APPCAST}3.xml\n\nmv ${APPCAST}3.xml ${APPCAST}_New.xml\nrm ${APPCAST}2.xml\nEOS\n\nopen(OUTPUT, \"w\"){|f| f.write script}\nsystem(\"chmod +x #{OUTPUT}\")";
		};
/* End PBXShellScriptBuildPhase section */

/* Begin PBXSourcesBuildPhase section */
		705DC79E0F1197DC0052AFA5 /* Sources */ = {
			isa = PBXSourcesBuildPhase;
			buildActionMask = 2147483647;
			files = (
				3432CA3C1026168A009631F9 /* NSDictionary-Extension.m in Sources */,
				705DC7A50F1197E90052AFA5 /* ControllerC.m in Sources */,
				705DC7A60F1197E90052AFA5 /* Converter.m in Sources */,
				705DC7A70F1197E90052AFA5 /* mainc.m in Sources */,
				34D41D1F17A6BE2C00997795 /* NSString-Extension.m in Sources */,
			);
			runOnlyForDeploymentPostprocessing = 0;
		};
		8D11072C0486CEB800E47090 /* Sources */ = {
			isa = PBXSourcesBuildPhase;
			buildActionMask = 2147483647;
			files = (
				8D11072D0486CEB800E47090 /* main.m in Sources */,
				3424A8E30E4F2DC1003C9F96 /* ControllerG.m in Sources */,
				348BB5190F08C3850063003D /* Converter.m in Sources */,
				34CF33A410260315009A8CA6 /* NSDictionary-Extension.m in Sources */,
				34821EC810282CF9008DEB1F /* ProfileController.m in Sources */,
				70254EF010353485000D6D05 /* TeXTextView.m in Sources */,
				7025539910353D33000D6D05 /* NSMutableString-Extension.m in Sources */,
				348D7281125A566A003AF902 /* TeXTextView-CommandCompletion.m in Sources */,
				348D729D125A56D9003AF902 /* TeXTextView-Colorize.m in Sources */,
				34BF870C12AC10D20099654C /* MyLayoutManager.m in Sources */,
				34D41D1E17A6BE2C00997795 /* NSString-Extension.m in Sources */,
			);
			runOnlyForDeploymentPostprocessing = 0;
		};
/* End PBXSourcesBuildPhase section */

/* Begin PBXVariantGroup section */
		089C165CFE840E0CC02AAC07 /* InfoPlist.strings */ = {
			isa = PBXVariantGroup;
			children = (
				089C165DFE840E0CC02AAC07 /* English */,
				CE4A31EC0E5035E00095D4FC /* Japanese */,
			);
			name = InfoPlist.strings;
			sourceTree = "<group>";
		};
		1DDD58140DA1D0A300B32029 /* MainMenu.xib */ = {
			isa = PBXVariantGroup;
			children = (
				1DDD58150DA1D0A300B32029 /* English */,
				3424A8DF0E4F2C3B003C9F96 /* Japanese */,
			);
			name = MainMenu.xib;
			sourceTree = "<group>";
		};
		CE4A31F00E5036500095D4FC /* Localizable.strings */ = {
			isa = PBXVariantGroup;
			children = (
				CE4A31EE0E5036460095D4FC /* English */,
				CE4A31F20E50366D0095D4FC /* Japanese */,
			);
			name = Localizable.strings;
			sourceTree = "<group>";
		};
/* End PBXVariantGroup section */

/* Begin XCBuildConfiguration section */
		705DC7A30F1197DD0052AFA5 /* Debug */ = {
			isa = XCBuildConfiguration;
			buildSettings = {
				ALWAYS_SEARCH_USER_PATHS = NO;
				COPY_PHASE_STRIP = NO;
				GCC_DYNAMIC_NO_PIC = NO;
				GCC_MODEL_TUNING = G5;
				GCC_OPTIMIZATION_LEVEL = 0;
				GCC_PRECOMPILE_PREFIX_HEADER = YES;
				GCC_PREFIX_HEADER = "$(SYSTEM_LIBRARY_DIR)/Frameworks/AppKit.framework/Headers/AppKit.h";
				INSTALL_PATH = /usr/local/bin;
				OTHER_LDFLAGS = (
					"-framework",
					Foundation,
					"-framework",
					AppKit,
				);
				PRODUCT_NAME = tex2img;
			};
			name = Debug;
		};
		705DC7A40F1197DD0052AFA5 /* Release */ = {
			isa = XCBuildConfiguration;
			buildSettings = {
				ALWAYS_SEARCH_USER_PATHS = NO;
				COPY_PHASE_STRIP = YES;
				DEBUG_INFORMATION_FORMAT = "dwarf-with-dsym";
				GCC_MODEL_TUNING = G5;
				GCC_PRECOMPILE_PREFIX_HEADER = YES;
				GCC_PREFIX_HEADER = "$(SYSTEM_LIBRARY_DIR)/Frameworks/AppKit.framework/Headers/AppKit.h";
				INSTALL_PATH = /usr/local/bin;
				OTHER_LDFLAGS = (
					"-framework",
					Foundation,
					"-framework",
					AppKit,
				);
				PRODUCT_NAME = tex2img;
				ZERO_LINK = NO;
			};
			name = Release;
		};
		C01FCF4B08A954540054247B /* Debug */ = {
			isa = XCBuildConfiguration;
			buildSettings = {
				ALWAYS_SEARCH_USER_PATHS = NO;
				ARCHS = "$(ARCHS_STANDARD)";
				CLANG_ENABLE_OBJC_ARC = YES;
				COMBINE_HIDPI_IMAGES = YES;
				COPY_PHASE_STRIP = NO;
				FRAMEWORK_SEARCH_PATHS = (
					"$(inherited)",
					"\"$(SRCROOT)\"",
					"\"$(SYSTEM_LIBRARY_DIR)/Frameworks/Quartz.framework/Frameworks\"",
				);
				GCC_DYNAMIC_NO_PIC = NO;
				GCC_MODEL_TUNING = G5;
				GCC_OPTIMIZATION_LEVEL = 0;
				GCC_PRECOMPILE_PREFIX_HEADER = YES;
				GCC_PREFIX_HEADER = TeX2img_Prefix.pch;
				INFOPLIST_FILE = Info.plist;
				INSTALL_PATH = "$(HOME)/Applications";
				MACOSX_DEPLOYMENT_TARGET = 10.6;
				PRODUCT_NAME = TeX2img;
			};
			name = Debug;
		};
		C01FCF4C08A954540054247B /* Release */ = {
			isa = XCBuildConfiguration;
			buildSettings = {
				ALWAYS_SEARCH_USER_PATHS = NO;
				ARCHS = "$(ARCHS_STANDARD)";
				CLANG_ENABLE_OBJC_ARC = YES;
				COMBINE_HIDPI_IMAGES = YES;
				DEBUG_INFORMATION_FORMAT = "dwarf-with-dsym";
				FRAMEWORK_SEARCH_PATHS = (
					"$(inherited)",
					"\"$(SRCROOT)\"",
					"\"$(SYSTEM_LIBRARY_DIR)/Frameworks/Quartz.framework/Frameworks\"",
				);
				GCC_MODEL_TUNING = G5;
				GCC_PRECOMPILE_PREFIX_HEADER = YES;
				GCC_PREFIX_HEADER = TeX2img_Prefix.pch;
				INFOPLIST_FILE = Info.plist;
				INSTALL_PATH = "$(HOME)/Applications";
				MACOSX_DEPLOYMENT_TARGET = 10.6;
				PRODUCT_NAME = TeX2img;
			};
			name = Release;
		};
		C01FCF4F08A954540054247B /* Debug */ = {
			isa = XCBuildConfiguration;
			buildSettings = {
				ARCHS = "$(ARCHS_STANDARD)";
				CODE_SIGN_IDENTITY = "Developer ID Application: Yusuke Terada (86GWZ48925)";
				GCC_C_LANGUAGE_STANDARD = c99;
				GCC_OPTIMIZATION_LEVEL = 0;
				GCC_VERSION = "";
				GCC_WARN_ABOUT_RETURN_TYPE = YES;
				GCC_WARN_UNUSED_VARIABLE = YES;
				MACOSX_DEPLOYMENT_TARGET = 10.6;
				ONLY_ACTIVE_ARCH = YES;
				PROVISIONING_PROFILE = "";
				SDKROOT = macosx;
			};
			name = Debug;
		};
		C01FCF5008A954540054247B /* Release */ = {
			isa = XCBuildConfiguration;
			buildSettings = {
				ARCHS = "$(ARCHS_STANDARD_32_64_BIT)";
				CODE_SIGN_IDENTITY = "Developer ID Application: Yusuke Terada (86GWZ48925)";
				GCC_C_LANGUAGE_STANDARD = c99;
				GCC_VERSION = "";
				GCC_WARN_ABOUT_RETURN_TYPE = YES;
				GCC_WARN_UNUSED_VARIABLE = YES;
				MACOSX_DEPLOYMENT_TARGET = 10.6;
				PROVISIONING_PROFILE = "";
				SDKROOT = macosx;
			};
			name = Release;
		};
/* End XCBuildConfiguration section */

/* Begin XCConfigurationList section */
		705DC7B40F1197F80052AFA5 /* Build configuration list for PBXNativeTarget "tex2img" */ = {
			isa = XCConfigurationList;
			buildConfigurations = (
				705DC7A30F1197DD0052AFA5 /* Debug */,
				705DC7A40F1197DD0052AFA5 /* Release */,
			);
			defaultConfigurationIsVisible = 0;
			defaultConfigurationName = Release;
		};
		C01FCF4A08A954540054247B /* Build configuration list for PBXNativeTarget "TeX2img" */ = {
			isa = XCConfigurationList;
			buildConfigurations = (
				C01FCF4B08A954540054247B /* Debug */,
				C01FCF4C08A954540054247B /* Release */,
			);
			defaultConfigurationIsVisible = 0;
			defaultConfigurationName = Release;
		};
		C01FCF4E08A954540054247B /* Build configuration list for PBXProject "TeX2img" */ = {
			isa = XCConfigurationList;
			buildConfigurations = (
				C01FCF4F08A954540054247B /* Debug */,
				C01FCF5008A954540054247B /* Release */,
			);
			defaultConfigurationIsVisible = 0;
			defaultConfigurationName = Release;
		};
/* End XCConfigurationList section */
	};
	rootObject = 29B97313FDCFA39411CA2CEA /* Project object */;
}
