// !$*UTF8*$!
{
	archiveVersion = 1;
	classes = {
	};
	objectVersion = 46;
	objects = {

/* Begin PBXBuildFile section */
		1DDD58160DA1D0A300B32029 /* MainMenu.xib in Resources */ = {isa = PBXBuildFile; fileRef = 1DDD58140DA1D0A300B32029 /* MainMenu.xib */; };
		3402125525341B29002D1545 /* Credits.rtf in Resources */ = {isa = PBXBuildFile; fileRef = 3402125425341B29002D1545 /* Credits.rtf */; };
		3402125A2534AF36002D1545 /* NSWindow-Extension.swift in Sources */ = {isa = PBXBuildFile; fileRef = 340212592534AF36002D1545 /* NSWindow-Extension.swift */; };
		3402126D2534D273002D1545 /* UserNotificationDelegate.swift in Sources */ = {isa = PBXBuildFile; fileRef = 3402126C2534D272002D1545 /* UserNotificationDelegate.swift */; };
		340364362537552B005A43A5 /* AutoSelectTextField.swift in Sources */ = {isa = PBXBuildFile; fileRef = 340364352537552B005A43A5 /* AutoSelectTextField.swift */; };
		3408053D1A96E6B50067AA56 /* FileManager-Extension.swift in Sources */ = {isa = PBXBuildFile; fileRef = 3408053C1A96E6B50067AA56 /* FileManager-Extension.swift */; };
		34FMEXT12F40000300A1FA03 /* FileManager-Extension.swift in Sources */ = {isa = PBXBuildFile; fileRef = 3408053C1A96E6B50067AA56 /* FileManager-Extension.swift */; };
		3408DF36252ED251002A9D9F /* MyLayoutManager.swift in Sources */ = {isa = PBXBuildFile; fileRef = 3408DF35252ED251002A9D9F /* MyLayoutManager.swift */; };
		3408DF46252F47B1002A9D9F /* BidirectionalCollection.swift in Sources */ = {isa = PBXBuildFile; fileRef = 3408DF43252F47B1002A9D9F /* BidirectionalCollection.swift */; };
		3408DF47252F47B1002A9D9F /* LosslessStringConvertible.swift in Sources */ = {isa = PBXBuildFile; fileRef = 3408DF44252F47B1002A9D9F /* LosslessStringConvertible.swift */; };
		3408DF48252F47B1002A9D9F /* StringProtocol-Extension.swift in Sources */ = {isa = PBXBuildFile; fileRef = 3408DF45252F47B1002A9D9F /* StringProtocol-Extension.swift */; };
		3408DF49252F47B1002A9D9E /* String-Extension.swift in Sources */ = {isa = PBXBuildFile; fileRef = 3408DF4A252F47B1002A9D9E /* String-Extension.swift */; };
		3408DF4A252F489A002A9D9F /* StringProtocol-Extension.swift in Sources */ = {isa = PBXBuildFile; fileRef = 3408DF45252F47B1002A9D9F /* StringProtocol-Extension.swift */; };
		3408DF4B252F489E002A9D9E /* String-Extension.swift in Sources */ = {isa = PBXBuildFile; fileRef = 3408DF4A252F47B1002A9D9E /* String-Extension.swift */; };
		3408DF4B252F489D002A9D9F /* BidirectionalCollection.swift in Sources */ = {isa = PBXBuildFile; fileRef = 3408DF43252F47B1002A9D9F /* BidirectionalCollection.swift */; };
		3408DF4C252F48A0002A9D9F /* LosslessStringConvertible.swift in Sources */ = {isa = PBXBuildFile; fileRef = 3408DF44252F47B1002A9D9F /* LosslessStringConvertible.swift */; };
		340F4D61252C086000FA56D7 /* Data-Extension.swift in Sources */ = {isa = PBXBuildFile; fileRef = 340F4D5F252C07A200FA56D7 /* Data-Extension.swift */; };
		340F4D63252C086A00FA56D7 /* Data-Extension.swift in Sources */ = {isa = PBXBuildFile; fileRef = 340F4D5F252C07A200FA56D7 /* Data-Extension.swift */; };
		340F4D68252C799400FA56D7 /* NSApplication-Extension.swift in Sources */ = {isa = PBXBuildFile; fileRef = 340F4D67252C799400FA56D7 /* NSApplication-Extension.swift */; };
		340F4D6B252C79D900FA56D7 /* NSApperance-Extension.swift in Sources */ = {isa = PBXBuildFile; fileRef = 340F4D6A252C79D900FA56D7 /* NSApperance-Extension.swift */; };
		3419977025282F9D0022F53C /* PDFPageBox.swift in Sources */ = {isa = PBXBuildFile; fileRef = 3419976F25282F9D0022F53C /* PDFPageBox.swift */; };
		3419977125282F9D0022F53C /* PDFPageBox.swift in Sources */ = {isa = PBXBuildFile; fileRef = 3419976F25282F9D0022F53C /* PDFPageBox.swift */; };
		34A5C718251B700000FCF7BD /* ControllerG.swift in Sources */ = {isa = PBXBuildFile; fileRef = 34A5C719251B700000FCF7BD /* ControllerG.swift */; };
		342C6196101E637F00E29FEB /* epstopdf in Resources */ = {isa = PBXBuildFile; fileRef = 342C6194101E637F00E29FEB /* epstopdf */; };
		34A5C703251B700000FCF7BA /* NSDictionary-Extension.swift in Sources */ = {isa = PBXBuildFile; fileRef = 34A5C702251B700000FCF7BA /* NSDictionary-Extension.swift */; };
		34522C121BAC550800DE1B86 /* libicucore.tbd in Frameworks */ = {isa = PBXBuildFile; fileRef = 34522C111BAC550800DE1B86 /* libicucore.tbd */; };
		346225661AB558AB00F632AD /* mupdf in Resources */ = {isa = PBXBuildFile; fileRef = 346225651AB558AB00F632AD /* mupdf */; };
		34670DD6125B7AC3002308EF /* dsa_pub.pem in Resources */ = {isa = PBXBuildFile; fileRef = 34670DD5125B7AC3002308EF /* dsa_pub.pem */; };
		34675B2B251CE443000EBBA3 /* TeXTextView-Bullet.swift in Sources */ = {isa = PBXBuildFile; fileRef = 34675B29251CE3F8000EBBA3 /* TeXTextView-Bullet.swift */; };
		34A5C705251B700000FCF7BA /* NSMutableString-Extension.swift in Sources */ = {isa = PBXBuildFile; fileRef = 34A5C706251B700000FCF7BA /* NSMutableString-Extension.swift */; };
		34A5C700251B700000FCF7BA /* NSArray-Extension.swift in Sources */ = {isa = PBXBuildFile; fileRef = 34A5C6FF251B700000FCF7BA /* NSArray-Extension.swift */; };
		34A5C701251B700000FCF7BA /* NSArray-Extension.swift in Sources */ = {isa = PBXBuildFile; fileRef = 34A5C6FF251B700000FCF7BA /* NSArray-Extension.swift */; };
		34A5C715251B700000FCF7BA /* NSString-Unicode.swift in Sources */ = {isa = PBXBuildFile; fileRef = 34A5C714251B700000FCF7BA /* NSString-Unicode.swift */; };
		34A5C713251B700000FCF7BA /* ProfileController.swift in Sources */ = {isa = PBXBuildFile; fileRef = 34A5C712251B700000FCF7BA /* ProfileController.swift */; };
		348507F8125AC21E0058A26B /* Sparkle.framework in Frameworks */ = {isa = PBXBuildFile; fileRef = 348507F7125AC21E0058A26B /* Sparkle.framework */; };
		34850828125AC9E30058A26B /* Sparkle.framework in フレームワークをコピー */ = {isa = PBXBuildFile; fileRef = 348507F7125AC21E0058A26B /* Sparkle.framework */; settings = {ATTRIBUTES = (CodeSignOnCopy, ); }; };
		348658F52526402E00B8B190 /* NSDate-Extension.swift in Sources */ = {isa = PBXBuildFile; fileRef = 348658F42526402E00B8B190 /* NSDate-Extension.swift */; };
		348658F62526402E00B8B190 /* NSDate-Extension.swift in Sources */ = {isa = PBXBuildFile; fileRef = 348658F42526402E00B8B190 /* NSDate-Extension.swift */; };
		348658FB2526421000B8B190 /* PDFPage-Extension.swift in Sources */ = {isa = PBXBuildFile; fileRef = 348658FA2526421000B8B190 /* PDFPage-Extension.swift */; };
		348658FC2526421000B8B190 /* PDFPage-Extension.swift in Sources */ = {isa = PBXBuildFile; fileRef = 348658FA2526421000B8B190 /* PDFPage-Extension.swift */; };
		34865900252643A600B8B190 /* NSIndexSet-Extension.swift in Sources */ = {isa = PBXBuildFile; fileRef = 348658FF252643A600B8B190 /* NSIndexSet-Extension.swift */; };
		34865902252643BE00B8B190 /* NSIndexSet-Extension.swift in Sources */ = {isa = PBXBuildFile; fileRef = 348658FF252643A600B8B190 /* NSIndexSet-Extension.swift */; };
		348659062526458600B8B190 /* Pipe-Extension.swift in Sources */ = {isa = PBXBuildFile; fileRef = 348659052526458600B8B190 /* Pipe-Extension.swift */; };
		348659072526458600B8B190 /* Pipe-Extension.swift in Sources */ = {isa = PBXBuildFile; fileRef = 348659052526458600B8B190 /* Pipe-Extension.swift */; };
		3486590B2526473500B8B190 /* NSBitmapImageRep-Extension.swift in Sources */ = {isa = PBXBuildFile; fileRef = 3486590A2526473500B8B190 /* NSBitmapImageRep-Extension.swift */; };
		3486590C2526473500B8B190 /* NSBitmapImageRep-Extension.swift in Sources */ = {isa = PBXBuildFile; fileRef = 3486590A2526473500B8B190 /* NSBitmapImageRep-Extension.swift */; };
		3486591025264BCE00B8B190 /* NSMatrix-Extension.swift in Sources */ = {isa = PBXBuildFile; fileRef = 3486590F25264BCE00B8B190 /* NSMatrix-Extension.swift */; };
		348659162526523000B8B190 /* NSPopover-Extension.swift in Sources */ = {isa = PBXBuildFile; fileRef = 348659152526523000B8B190 /* NSPopover-Extension.swift */; };
		3486591D252658AA00B8B190 /* tex2img in Copy Command Line Tools */ = {isa = PBXBuildFile; fileRef = 705DC7A10F1197DC0052AFA5 /* tex2img */; settings = {ATTRIBUTES = (CodeSignOnCopy, ); }; };
		34865920252659A600B8B190 /* MyATSTypesetter.swift in Sources */ = {isa = PBXBuildFile; fileRef = 3486591F252659A600B8B190 /* MyATSTypesetter.swift */; };
		34867AC91B7B4804002AD2CF /* NSColorWell-Extension.swift in Sources */ = {isa = PBXBuildFile; fileRef = 34867AC81B7B4804002AD2CF /* NSColorWell-Extension.swift */; };
		34A5C720251B700000FCF7BE /* Converter.swift in Sources */ = {isa = PBXBuildFile; fileRef = 34A5C71F251B700000FCF7BE /* Converter.swift */; };
		348BBF961B795AB900EDE00C /* NSColor-Extension.swift in Sources */ = {isa = PBXBuildFile; fileRef = 348BBF951B795AB900EDE00C /* NSColor-Extension.swift */; };
		34E0A0112F20000100A1FA11 /* TeXTextView.swift in Sources */ = {isa = PBXBuildFile; fileRef = 34E0A0012F20000100A1FA01 /* TeXTextView.swift */; };
		34E0A0122F20000100A1FA12 /* TeXTextView-Colorize.swift in Sources */ = {isa = PBXBuildFile; fileRef = 34E0A0022F20000100A1FA02 /* TeXTextView-Colorize.swift */; };
		34E0A0132F20000100A1FA13 /* TeXTextView-CommandCompletion.swift in Sources */ = {isa = PBXBuildFile; fileRef = 34E0A0032F20000100A1FA03 /* TeXTextView-CommandCompletion.swift */; };
		348E08831C3DE76F004CFB4B /* UnicodeBlocks.strings in Resources */ = {isa = PBXBuildFile; fileRef = 348E08811C3DE76F004CFB4B /* UnicodeBlocks.strings */; };
		34CID0012F40000100A1FA01 /* cidToUnicode.json in Resources */ = {isa = PBXBuildFile; fileRef = 34CID0022F40000200A1FA02 /* cidToUnicode.json */; };
		349276B01BFA19FB00C0BD99 /* NSColor-Extension.swift in Sources */ = {isa = PBXBuildFile; fileRef = 348BBF951B795AB900EDE00C /* NSColor-Extension.swift */; };
		34A5C70B251B700000FCF7BA /* Utility.swift in Sources */ = {isa = PBXBuildFile; fileRef = 34A5C70C251B700000FCF7BA /* Utility.swift */; };
		34A5C70D251B700000FCF7BA /* Utility.swift in Sources */ = {isa = PBXBuildFile; fileRef = 34A5C70C251B700000FCF7BA /* Utility.swift */; };
		34HDR032F30000300A1FA03 /* GlobalConstants.swift in Sources */ = {isa = PBXBuildFile; fileRef = 34HDR012F30000100A1FA01 /* GlobalConstants.swift */; };
		34HDR042F30000400A1FA04 /* GlobalConstants.swift in Sources */ = {isa = PBXBuildFile; fileRef = 34HDR012F30000100A1FA01 /* GlobalConstants.swift */; };
		34HDR052F30000500A1FA05 /* Types.swift in Sources */ = {isa = PBXBuildFile; fileRef = 34HDR022F30000200A1FA02 /* Types.swift */; };
		34HDR062F30000600A1FA06 /* Types.swift in Sources */ = {isa = PBXBuildFile; fileRef = 34HDR022F30000200A1FA02 /* Types.swift */; };
		34A5C715251B700000FCF7BB /* MyGlyphPopoverController.swift in Sources */ = {isa = PBXBuildFile; fileRef = 34A5C714251B700000FCF7BB /* MyGlyphPopoverController.swift */; };
		3499273C1B7867D5009BD5F1 /* GlyphPopoverMulti.xib in Resources */ = {isa = PBXBuildFile; fileRef = 3499273A1B7867D5009BD5F1 /* GlyphPopoverMulti.xib */; };
		3499273D1B7867D5009BD5F1 /* GlyphPopoverSingle.xib in Resources */ = {isa = PBXBuildFile; fileRef = 3499273B1B7867D5009BD5F1 /* GlyphPopoverSingle.xib */; };
		34A5C63B251B170B00FCF7BA /* Converter-BoundingBox.swift in Sources */ = {isa = PBXBuildFile; fileRef = 34A5C63A251B170B00FCF7BA /* Converter-BoundingBox.swift */; };
		34A5C63C251B170B00FCF7BA /* Converter-BoundingBox.swift in Sources */ = {isa = PBXBuildFile; fileRef = 34A5C63A251B170B00FCF7BA /* Converter-BoundingBox.swift */; };
		34A5C64D251B54A800FCF7BA /* ControllerG-Extension.swift in Sources */ = {isa = PBXBuildFile; fileRef = 34A5C64C251B54A800FCF7BA /* ControllerG-Extension.swift */; };
		34B5E70420995B2F0071BBE9 /* Images.xcassets in Resources */ = {isa = PBXBuildFile; fileRef = 34B5E70320995B2F0071BBE9 /* Images.xcassets */; };
		34BF70FA1BD1C6FC00AB76A9 /* pdftops in Resources */ = {isa = PBXBuildFile; fileRef = 34BF70F91BD1C6FC00AB76A9 /* pdftops */; };
		34BFF6D31B9F1A9F00E8DE77 /* PDFDocument-Extension.swift in Sources */ = {isa = PBXBuildFile; fileRef = 34BFF6D21B9F1A9F00E8DE77 /* PDFDocument-Extension.swift */; };
		34BFF6D41B9F1A9F00E8DE77 /* PDFDocument-Extension.swift in Sources */ = {isa = PBXBuildFile; fileRef = 34BFF6D21B9F1A9F00E8DE77 /* PDFDocument-Extension.swift */; };
		34CB9281251F93500045CE9E /* NSColor-DefaultColor.swift in Sources */ = {isa = PBXBuildFile; fileRef = 34CB9280251F93500045CE9E /* NSColor-DefaultColor.swift */; };
		34CB92922525627E0045CE9E /* ControllerG-UserNotification.swift in Sources */ = {isa = PBXBuildFile; fileRef = 34CB92912525627E0045CE9E /* ControllerG-UserNotification.swift */; };
		34CCBB071A964E8A0061842E /* Templates in Resources */ = {isa = PBXBuildFile; fileRef = 34CCBB061A964E8A0061842E /* Templates */; };
		34A5C710251B700000FCF7BA /* UtilityG.swift in Sources */ = {isa = PBXBuildFile; fileRef = 34A5C711251B700000FCF7BA /* UtilityG.swift */; };
		34A5C704251B700000FCF7BA /* NSDictionary-Extension.swift in Sources */ = {isa = PBXBuildFile; fileRef = 34A5C702251B700000FCF7BA /* NSDictionary-Extension.swift */; };
		34A5C70E251B700000FCF7BA /* UtilityC.swift in Sources */ = {isa = PBXBuildFile; fileRef = 34A5C70F251B700000FCF7BA /* UtilityC.swift */; };
		34A5C708251B700000FCF7BA /* NSString-Extension.swift in Sources */ = {isa = PBXBuildFile; fileRef = 34A5C709251B700000FCF7BA /* NSString-Extension.swift */; };
		34A5C70A251B700000FCF7BA /* NSString-Extension.swift in Sources */ = {isa = PBXBuildFile; fileRef = 34A5C709251B700000FCF7BA /* NSString-Extension.swift */; };
		34A5C725251B700000FCF7BF /* NSString-Conversion.swift in Sources */ = {isa = PBXBuildFile; fileRef = 34A5C722251B700000FCF7BF /* NSString-Conversion.swift */; };
		34A5C726251B700000FCF7BF /* NSString-Conversion+CIDTable.swift in Sources */ = {isa = PBXBuildFile; fileRef = 34A5C723251B700000FCF7BF /* NSString-Conversion+CIDTable.swift */; };
		34A5C727251B700000FCF7BF /* NSString-Conversion+LigTable.swift in Sources */ = {isa = PBXBuildFile; fileRef = 34A5C724251B700000FCF7BF /* NSString-Conversion+LigTable.swift */; };
		34A5C728251B700000FCF7BF /* NSString-Conversion.swift in Sources */ = {isa = PBXBuildFile; fileRef = 34A5C722251B700000FCF7BF /* NSString-Conversion.swift */; };
		34A5C729251B700000FCF7BF /* NSString-Conversion+CIDTable.swift in Sources */ = {isa = PBXBuildFile; fileRef = 34A5C723251B700000FCF7BF /* NSString-Conversion+CIDTable.swift */; };
		34A5C72A251B700000FCF7BF /* NSString-Conversion+LigTable.swift in Sources */ = {isa = PBXBuildFile; fileRef = 34A5C724251B700000FCF7BF /* NSString-Conversion+LigTable.swift */; };
		34A5C707251B700000FCF7BA /* NSMutableString-Extension.swift in Sources */ = {isa = PBXBuildFile; fileRef = 34A5C706251B700000FCF7BA /* NSMutableString-Extension.swift */; };
		34A5C717251B700000FCF7BC /* ControllerC.swift in Sources */ = {isa = PBXBuildFile; fileRef = 34A5C716251B700000FCF7BC /* ControllerC.swift */; };
		34A5C721251B700000FCF7BE /* Converter.swift in Sources */ = {isa = PBXBuildFile; fileRef = 34A5C71F251B700000FCF7BE /* Converter.swift */; };
		34D0A0042F10000400A1FA04 /* mainc.swift in Sources */ = {isa = PBXBuildFile; fileRef = 34D0A0032F10000300A1FA03 /* mainc.swift */; };
		705DC7A80F1197EE0052AFA5 /* Cocoa.framework in Frameworks */ = {isa = PBXBuildFile; fileRef = 1058C7A1FEA54F0111CA2CBB /* Cocoa.framework */; };
		705DC7A90F1197EE0052AFA5 /* Quartz.framework in Frameworks */ = {isa = PBXBuildFile; fileRef = 7087BD5D0F0E3CD600A06CF5 /* Quartz.framework */; };
		7087BD5E0F0E3CD600A06CF5 /* Quartz.framework in Frameworks */ = {isa = PBXBuildFile; fileRef = 7087BD5D0F0E3CD600A06CF5 /* Quartz.framework */; };
		8D11072B0486CEB800E47090 /* InfoPlist.strings in Resources */ = {isa = PBXBuildFile; fileRef = 089C165CFE840E0CC02AAC07 /* InfoPlist.strings */; };

		8D11072F0486CEB800E47090 /* Cocoa.framework in Frameworks */ = {isa = PBXBuildFile; fileRef = 1058C7A1FEA54F0111CA2CBB /* Cocoa.framework */; };
		CE4A31F10E5036500095D4FC /* Localizable.strings in Resources */ = {isa = PBXBuildFile; fileRef = CE4A31F00E5036500095D4FC /* Localizable.strings */; };
		CEB04B28225226FB005EED2C /* AppDelegate.swift in Sources */ = {isa = PBXBuildFile; fileRef = CEB04B27225226FB005EED2C /* AppDelegate.swift */; };
/* End PBXBuildFile section */

/* Begin PBXCopyFilesBuildPhase section */
		34850826125AC99A0058A26B /* フレームワークをコピー */ = {
			isa = PBXCopyFilesBuildPhase;
			buildActionMask = 2147483647;
			dstPath = "";
			dstSubfolderSpec = 10;
			files = (
				34850828125AC9E30058A26B /* Sparkle.framework in フレームワークをコピー */,
			);
			name = "フレームワークをコピー";
			runOnlyForDeploymentPostprocessing = 0;
		};
		34A5C669251BD4F800FCF7BA /* Copy Command Line Tools */ = {
			isa = PBXCopyFilesBuildPhase;
			buildActionMask = 2147483647;
			dstPath = bin;
			dstSubfolderSpec = 12;
			files = (
				3486591D252658AA00B8B190 /* tex2img in Copy Command Line Tools */,
			);
			name = "Copy Command Line Tools";
			runOnlyForDeploymentPostprocessing = 0;
		};
/* End PBXCopyFilesBuildPhase section */

/* Begin PBXContainerItemProxy section */
		34SAFE012F30000100A1FA01 /* PBXContainerItemProxy */ = {
			isa = PBXContainerItemProxy;
			containerPortal = 29B97313FDCFA39411CA2CEA /* Project object */;
			proxyType = 1;
			remoteGlobalIDString = 705DC7A00F1197DC0052AFA5;
			remoteInfo = tex2img;
		};
/* End PBXContainerItemProxy section */

/* Begin PBXFileReference section */
		1058C7A1FEA54F0111CA2CBB /* Cocoa.framework */ = {isa = PBXFileReference; lastKnownFileType = wrapper.framework; name = Cocoa.framework; path = /System/Library/Frameworks/Cocoa.framework; sourceTree = "<absolute>"; };
		13E42FB307B3F0F600E4EEF1 /* CoreData.framework */ = {isa = PBXFileReference; lastKnownFileType = wrapper.framework; name = CoreData.framework; path = /System/Library/Frameworks/CoreData.framework; sourceTree = "<absolute>"; };

		29B97324FDCFA39411CA2CEA /* AppKit.framework */ = {isa = PBXFileReference; lastKnownFileType = wrapper.framework; name = AppKit.framework; path = /System/Library/Frameworks/AppKit.framework; sourceTree = "<absolute>"; };
		29B97325FDCFA39411CA2CEA /* Foundation.framework */ = {isa = PBXFileReference; lastKnownFileType = wrapper.framework; name = Foundation.framework; path = /System/Library/Frameworks/Foundation.framework; sourceTree = "<absolute>"; };
		34HDR012F30000100A1FA01 /* GlobalConstants.swift */ = {isa = PBXFileReference; lastKnownFileType = sourcecode.swift; path = GlobalConstants.swift; sourceTree = "<group>"; };
		34HDR022F30000200A1FA02 /* Types.swift */ = {isa = PBXFileReference; lastKnownFileType = sourcecode.swift; path = Types.swift; sourceTree = "<group>"; };
		3402125425341B29002D1545 /* Credits.rtf */ = {isa = PBXFileReference; lastKnownFileType = text.rtf; path = Credits.rtf; sourceTree = "<group>"; };
		340212592534AF36002D1545 /* NSWindow-Extension.swift */ = {isa = PBXFileReference; fileEncoding = 4; lastKnownFileType = sourcecode.swift; path = "NSWindow-Extension.swift"; sourceTree = "<group>"; };
		3402126C2534D272002D1545 /* UserNotificationDelegate.swift */ = {isa = PBXFileReference; fileEncoding = 4; lastKnownFileType = sourcecode.swift; path = UserNotificationDelegate.swift; sourceTree = "<group>"; };
		340364352537552B005A43A5 /* AutoSelectTextField.swift */ = {isa = PBXFileReference; fileEncoding = 4; lastKnownFileType = sourcecode.swift; path = AutoSelectTextField.swift; sourceTree = "<group>"; };
		3408053C1A96E6B50067AA56 /* FileManager-Extension.swift */ = {isa = PBXFileReference; fileEncoding = 4; lastKnownFileType = sourcecode.swift; path = "FileManager-Extension.swift"; sourceTree = "<group>"; };
		3408DF35252ED251002A9D9F /* MyLayoutManager.swift */ = {isa = PBXFileReference; lastKnownFileType = sourcecode.swift; path = MyLayoutManager.swift; sourceTree = "<group>"; };
		3408DF43252F47B1002A9D9F /* BidirectionalCollection.swift */ = {isa = PBXFileReference; fileEncoding = 4; lastKnownFileType = sourcecode.swift; path = BidirectionalCollection.swift; sourceTree = "<group>"; };
		3408DF44252F47B1002A9D9F /* LosslessStringConvertible.swift */ = {isa = PBXFileReference; fileEncoding = 4; lastKnownFileType = sourcecode.swift; path = LosslessStringConvertible.swift; sourceTree = "<group>"; };
		3408DF45252F47B1002A9D9F /* StringProtocol-Extension.swift */ = {isa = PBXFileReference; fileEncoding = 4; lastKnownFileType = sourcecode.swift; path = "StringProtocol-Extension.swift"; sourceTree = "<group>"; };
		3408DF4A252F47B1002A9D9E /* String-Extension.swift */ = {isa = PBXFileReference; fileEncoding = 4; lastKnownFileType = sourcecode.swift; path = "String-Extension.swift"; sourceTree = "<group>"; };
		340F4D5F252C07A200FA56D7 /* Data-Extension.swift */ = {isa = PBXFileReference; lastKnownFileType = sourcecode.swift; path = "Data-Extension.swift"; sourceTree = "<group>"; };
		340F4D67252C799400FA56D7 /* NSApplication-Extension.swift */ = {isa = PBXFileReference; lastKnownFileType = sourcecode.swift; path = "NSApplication-Extension.swift"; sourceTree = "<group>"; };
		340F4D6A252C79D900FA56D7 /* NSApperance-Extension.swift */ = {isa = PBXFileReference; lastKnownFileType = sourcecode.swift; path = "NSApperance-Extension.swift"; sourceTree = "<group>"; };
		3419976F25282F9D0022F53C /* PDFPageBox.swift */ = {isa = PBXFileReference; lastKnownFileType = sourcecode.swift; path = PDFPageBox.swift; sourceTree = "<group>"; };
		34A5C719251B700000FCF7BD /* ControllerG.swift */ = {isa = PBXFileReference; fileEncoding = 4; lastKnownFileType = sourcecode.swift; path = ControllerG.swift; sourceTree = "<group>"; };
		342C6194101E637F00E29FEB /* epstopdf */ = {isa = PBXFileReference; fileEncoding = 4; lastKnownFileType = text; path = epstopdf; sourceTree = "<group>"; };
		343A66D72249CAB20026CFA3 /* Base */ = {isa = PBXFileReference; lastKnownFileType = file.xib; name = Base; path = Base.lproj/MainMenu.xib; sourceTree = "<group>"; };
		343A66D82249CAB40026CFA3 /* ja */ = {isa = PBXFileReference; lastKnownFileType = text.plist.strings; name = ja; path = ja.lproj/InfoPlist.strings; sourceTree = "<group>"; };
		343A66D92249CAB50026CFA3 /* ja */ = {isa = PBXFileReference; lastKnownFileType = text.plist.strings; name = ja; path = ja.lproj/Localizable.strings; sourceTree = "<group>"; };
		343A66DA2249CAB50026CFA3 /* ja */ = {isa = PBXFileReference; lastKnownFileType = file.xib; name = ja; path = ja.lproj/MainMenu.xib; sourceTree = "<group>"; };
		343A66DB2249CAB50026CFA3 /* ja */ = {isa = PBXFileReference; lastKnownFileType = text.plist.strings; name = ja; path = ja.lproj/UnicodeBlocks.strings; sourceTree = "<group>"; };
		343A66DC2249CABC0026CFA3 /* en */ = {isa = PBXFileReference; lastKnownFileType = text.plist.strings; name = en; path = en.lproj/InfoPlist.strings; sourceTree = "<group>"; };
		343A66DD2249CABC0026CFA3 /* en */ = {isa = PBXFileReference; lastKnownFileType = text.plist.strings; name = en; path = en.lproj/Localizable.strings; sourceTree = "<group>"; };
		34522C111BAC550800DE1B86 /* libicucore.tbd */ = {isa = PBXFileReference; lastKnownFileType = "sourcecode.text-based-dylib-definition"; name = libicucore.tbd; path = usr/lib/libicucore.tbd; sourceTree = SDKROOT; };
		346225651AB558AB00F632AD /* mupdf */ = {isa = PBXFileReference; lastKnownFileType = folder; path = mupdf; sourceTree = "<group>"; };
		34670DD5125B7AC3002308EF /* dsa_pub.pem */ = {isa = PBXFileReference; fileEncoding = 4; lastKnownFileType = text; path = dsa_pub.pem; sourceTree = "<group>"; };
		34CID0022F40000200A1FA02 /* cidToUnicode.json */ = {isa = PBXFileReference; lastKnownFileType = text.json; path = cidToUnicode.json; sourceTree = "<group>"; };
		34675B29251CE3F8000EBBA3 /* TeXTextView-Bullet.swift */ = {isa = PBXFileReference; lastKnownFileType = sourcecode.swift; path = "TeXTextView-Bullet.swift"; sourceTree = "<group>"; };
		34A5C6FF251B700000FCF7BA /* NSArray-Extension.swift */ = {isa = PBXFileReference; fileEncoding = 4; lastKnownFileType = sourcecode.swift; path = "NSArray-Extension.swift"; sourceTree = "<group>"; };
		34A5C714251B700000FCF7BA /* NSString-Unicode.swift */ = {isa = PBXFileReference; fileEncoding = 4; lastKnownFileType = sourcecode.swift; path = "NSString-Unicode.swift"; sourceTree = "<group>"; };
		34A5C712251B700000FCF7BA /* ProfileController.swift */ = {isa = PBXFileReference; fileEncoding = 4; lastKnownFileType = sourcecode.swift; path = ProfileController.swift; sourceTree = "<group>"; };
		348507F7125AC21E0058A26B /* Sparkle.framework */ = {isa = PBXFileReference; lastKnownFileType = wrapper.framework; path = Sparkle.framework; sourceTree = "<group>"; };
		348658F42526402E00B8B190 /* NSDate-Extension.swift */ = {isa = PBXFileReference; lastKnownFileType = sourcecode.swift; path = "NSDate-Extension.swift"; sourceTree = "<group>"; };
		348658FA2526421000B8B190 /* PDFPage-Extension.swift */ = {isa = PBXFileReference; lastKnownFileType = sourcecode.swift; path = "PDFPage-Extension.swift"; sourceTree = "<group>"; };
		348658FF252643A600B8B190 /* NSIndexSet-Extension.swift */ = {isa = PBXFileReference; lastKnownFileType = sourcecode.swift; path = "NSIndexSet-Extension.swift"; sourceTree = "<group>"; };
		348659052526458600B8B190 /* Pipe-Extension.swift */ = {isa = PBXFileReference; lastKnownFileType = sourcecode.swift; path = "Pipe-Extension.swift"; sourceTree = "<group>"; };
		3486590A2526473500B8B190 /* NSBitmapImageRep-Extension.swift */ = {isa = PBXFileReference; lastKnownFileType = sourcecode.swift; path = "NSBitmapImageRep-Extension.swift"; sourceTree = "<group>"; };
		3486590F25264BCE00B8B190 /* NSMatrix-Extension.swift */ = {isa = PBXFileReference; lastKnownFileType = sourcecode.swift; path = "NSMatrix-Extension.swift"; sourceTree = "<group>"; };
		348659152526523000B8B190 /* NSPopover-Extension.swift */ = {isa = PBXFileReference; lastKnownFileType = sourcecode.swift; path = "NSPopover-Extension.swift"; sourceTree = "<group>"; };
		3486591F252659A600B8B190 /* MyATSTypesetter.swift */ = {isa = PBXFileReference; lastKnownFileType = sourcecode.swift; path = MyATSTypesetter.swift; sourceTree = "<group>"; };
		34867AC81B7B4804002AD2CF /* NSColorWell-Extension.swift */ = {isa = PBXFileReference; fileEncoding = 4; lastKnownFileType = sourcecode.swift; path = "NSColorWell-Extension.swift"; sourceTree = "<group>"; };
		34A5C71F251B700000FCF7BE /* Converter.swift */ = {isa = PBXFileReference; lastKnownFileType = sourcecode.swift; path = Converter.swift; sourceTree = "<group>"; };
		348BBF951B795AB900EDE00C /* NSColor-Extension.swift */ = {isa = PBXFileReference; fileEncoding = 4; lastKnownFileType = sourcecode.swift; path = "NSColor-Extension.swift"; sourceTree = "<group>"; };
		34E0A0012F20000100A1FA01 /* TeXTextView.swift */ = {isa = PBXFileReference; fileEncoding = 4; lastKnownFileType = sourcecode.swift; path = TeXTextView.swift; sourceTree = "<group>"; };
		34E0A0022F20000100A1FA02 /* TeXTextView-Colorize.swift */ = {isa = PBXFileReference; fileEncoding = 4; lastKnownFileType = sourcecode.swift; path = "TeXTextView-Colorize.swift"; sourceTree = "<group>"; };
		34E0A0032F20000100A1FA03 /* TeXTextView-CommandCompletion.swift */ = {isa = PBXFileReference; fileEncoding = 4; lastKnownFileType = sourcecode.swift; path = "TeXTextView-CommandCompletion.swift"; sourceTree = "<group>"; };

		34A5C70C251B700000FCF7BA /* Utility.swift */ = {isa = PBXFileReference; fileEncoding = 4; lastKnownFileType = sourcecode.swift; path = Utility.swift; sourceTree = "<group>"; };
		34A5C714251B700000FCF7BB /* MyGlyphPopoverController.swift */ = {isa = PBXFileReference; fileEncoding = 4; lastKnownFileType = sourcecode.swift; path = MyGlyphPopoverController.swift; sourceTree = "<group>"; };
		3499273A1B7867D5009BD5F1 /* GlyphPopoverMulti.xib */ = {isa = PBXFileReference; fileEncoding = 4; lastKnownFileType = file.xib; path = GlyphPopoverMulti.xib; sourceTree = "<group>"; };
		3499273B1B7867D5009BD5F1 /* GlyphPopoverSingle.xib */ = {isa = PBXFileReference; fileEncoding = 4; lastKnownFileType = file.xib; path = GlyphPopoverSingle.xib; sourceTree = "<group>"; };
		34A5C638251B170A00FCF7BA /* Bridging-Header-G.h */ = {isa = PBXFileReference; lastKnownFileType = sourcecode.c.h; path = "Bridging-Header-G.h"; sourceTree = "<group>"; };
		34A5C63A251B170B00FCF7BA /* Converter-BoundingBox.swift */ = {isa = PBXFileReference; lastKnownFileType = sourcecode.swift; path = "Converter-BoundingBox.swift"; sourceTree = "<group>"; };

		34A5C64C251B54A800FCF7BA /* ControllerG-Extension.swift */ = {isa = PBXFileReference; lastKnownFileType = sourcecode.swift; path = "ControllerG-Extension.swift"; sourceTree = "<group>"; };

		34B5E70320995B2F0071BBE9 /* Images.xcassets */ = {isa = PBXFileReference; lastKnownFileType = folder.assetcatalog; name = Images.xcassets; path = TeX2img/Images.xcassets; sourceTree = SOURCE_ROOT; };
		34BF70F91BD1C6FC00AB76A9 /* pdftops */ = {isa = PBXFileReference; lastKnownFileType = folder; path = pdftops; sourceTree = "<group>"; };
		34BFF6D21B9F1A9F00E8DE77 /* PDFDocument-Extension.swift */ = {isa = PBXFileReference; fileEncoding = 4; lastKnownFileType = sourcecode.swift; path = "PDFDocument-Extension.swift"; sourceTree = "<group>"; };
		34CB9280251F93500045CE9E /* NSColor-DefaultColor.swift */ = {isa = PBXFileReference; lastKnownFileType = sourcecode.swift; path = "NSColor-DefaultColor.swift"; sourceTree = "<group>"; };
		34CB92912525627E0045CE9E /* ControllerG-UserNotification.swift */ = {isa = PBXFileReference; lastKnownFileType = sourcecode.swift; path = "ControllerG-UserNotification.swift"; sourceTree = "<group>"; };
		34CCBB061A964E8A0061842E /* Templates */ = {isa = PBXFileReference; lastKnownFileType = folder; path = Templates; sourceTree = "<group>"; };
		34A5C711251B700000FCF7BA /* UtilityG.swift */ = {isa = PBXFileReference; fileEncoding = 4; lastKnownFileType = sourcecode.swift; path = UtilityG.swift; sourceTree = "<group>"; };

		34A5C702251B700000FCF7BA /* NSDictionary-Extension.swift */ = {isa = PBXFileReference; fileEncoding = 4; lastKnownFileType = sourcecode.swift; path = "NSDictionary-Extension.swift"; sourceTree = "<group>"; };
		34A5C70F251B700000FCF7BA /* UtilityC.swift */ = {isa = PBXFileReference; fileEncoding = 4; lastKnownFileType = sourcecode.swift; path = UtilityC.swift; sourceTree = "<group>"; };
		34A5C709251B700000FCF7BA /* NSString-Extension.swift */ = {isa = PBXFileReference; fileEncoding = 4; lastKnownFileType = sourcecode.swift; path = "NSString-Extension.swift"; sourceTree = "<group>"; };
		34A5C722251B700000FCF7BF /* NSString-Conversion.swift */ = {isa = PBXFileReference; fileEncoding = 4; lastKnownFileType = sourcecode.swift; path = "NSString-Conversion.swift"; sourceTree = "<group>"; };
		34A5C723251B700000FCF7BF /* NSString-Conversion+CIDTable.swift */ = {isa = PBXFileReference; fileEncoding = 4; lastKnownFileType = sourcecode.swift; path = "NSString-Conversion+CIDTable.swift"; sourceTree = "<group>"; };
		34A5C724251B700000FCF7BF /* NSString-Conversion+LigTable.swift */ = {isa = PBXFileReference; fileEncoding = 4; lastKnownFileType = sourcecode.swift; path = "NSString-Conversion+LigTable.swift"; sourceTree = "<group>"; };
		34E058F323DDA2CD0038DC90 /* TeX2img.entitlements */ = {isa = PBXFileReference; fileEncoding = 4; lastKnownFileType = text.plist.entitlements; path = TeX2img.entitlements; sourceTree = "<group>"; };
		34F5F5A11B8BF404002F194B /* localpointer.h */ = {isa = PBXFileReference; lastKnownFileType = sourcecode.c.h; path = localpointer.h; sourceTree = "<group>"; };
		34F5F5A21B8BF404002F194B /* platform.h */ = {isa = PBXFileReference; lastKnownFileType = sourcecode.c.h; path = platform.h; sourceTree = "<group>"; };
		34F5F5A31B8BF404002F194B /* ptypes.h */ = {isa = PBXFileReference; lastKnownFileType = sourcecode.c.h; path = ptypes.h; sourceTree = "<group>"; };
		34F5F5A41B8BF404002F194B /* putil.h */ = {isa = PBXFileReference; lastKnownFileType = sourcecode.c.h; path = putil.h; sourceTree = "<group>"; };
		34F5F5A51B8BF404002F194B /* uchar.h */ = {isa = PBXFileReference; lastKnownFileType = sourcecode.c.h; path = uchar.h; sourceTree = "<group>"; };
		34F5F5A61B8BF404002F194B /* uconfig.h */ = {isa = PBXFileReference; lastKnownFileType = sourcecode.c.h; path = uconfig.h; sourceTree = "<group>"; };
		34F5F5A71B8BF404002F194B /* uiter.h */ = {isa = PBXFileReference; lastKnownFileType = sourcecode.c.h; path = uiter.h; sourceTree = "<group>"; };
		34F5F5A81B8BF404002F194B /* umachine.h */ = {isa = PBXFileReference; lastKnownFileType = sourcecode.c.h; path = umachine.h; sourceTree = "<group>"; };
		34F5F5A91B8BF404002F194B /* unorm2.h */ = {isa = PBXFileReference; lastKnownFileType = sourcecode.c.h; path = unorm2.h; sourceTree = "<group>"; };
		34F5F5AA1B8BF404002F194B /* urename.h */ = {isa = PBXFileReference; lastKnownFileType = sourcecode.c.h; path = urename.h; sourceTree = "<group>"; };
		34F5F5AB1B8BF404002F194B /* uset.h */ = {isa = PBXFileReference; lastKnownFileType = sourcecode.c.h; path = uset.h; sourceTree = "<group>"; };
		34F5F5AC1B8BF404002F194B /* ustring.h */ = {isa = PBXFileReference; lastKnownFileType = sourcecode.c.h; path = ustring.h; sourceTree = "<group>"; };
		34F5F5AD1B8BF404002F194B /* utf_old.h */ = {isa = PBXFileReference; lastKnownFileType = sourcecode.c.h; path = utf_old.h; sourceTree = "<group>"; };
		34F5F5AE1B8BF404002F194B /* utf.h */ = {isa = PBXFileReference; lastKnownFileType = sourcecode.c.h; path = utf.h; sourceTree = "<group>"; };
		34F5F5AF1B8BF404002F194B /* utf8.h */ = {isa = PBXFileReference; lastKnownFileType = sourcecode.c.h; path = utf8.h; sourceTree = "<group>"; };
		34F5F5B01B8BF404002F194B /* utf16.h */ = {isa = PBXFileReference; lastKnownFileType = sourcecode.c.h; path = utf16.h; sourceTree = "<group>"; };
		34F5F5B11B8BF404002F194B /* utypes.h */ = {isa = PBXFileReference; lastKnownFileType = sourcecode.c.h; path = utypes.h; sourceTree = "<group>"; };
		34F5F5B21B8BF404002F194B /* uvernum.h */ = {isa = PBXFileReference; lastKnownFileType = sourcecode.c.h; path = uvernum.h; sourceTree = "<group>"; };
		34F5F5B31B8BF404002F194B /* uversion.h */ = {isa = PBXFileReference; lastKnownFileType = sourcecode.c.h; path = uversion.h; sourceTree = "<group>"; };

		34A5C706251B700000FCF7BA /* NSMutableString-Extension.swift */ = {isa = PBXFileReference; fileEncoding = 4; lastKnownFileType = sourcecode.swift; path = "NSMutableString-Extension.swift"; sourceTree = "<group>"; };
		34D0A0032F10000300A1FA03 /* mainc.swift */ = {isa = PBXFileReference; fileEncoding = 4; lastKnownFileType = sourcecode.swift; path = mainc.swift; sourceTree = "<group>"; };
		34A5C716251B700000FCF7BC /* ControllerC.swift */ = {isa = PBXFileReference; fileEncoding = 4; lastKnownFileType = sourcecode.swift; path = ControllerC.swift; sourceTree = "<group>"; };
		705DC7A10F1197DC0052AFA5 /* tex2img */ = {isa = PBXFileReference; explicitFileType = "compiled.mach-o.executable"; includeInIndex = 0; path = tex2img; sourceTree = BUILT_PRODUCTS_DIR; };
		7087BD5D0F0E3CD600A06CF5 /* Quartz.framework */ = {isa = PBXFileReference; lastKnownFileType = wrapper.framework; name = Quartz.framework; path = /System/Library/Frameworks/Quartz.framework; sourceTree = "<absolute>"; };
		8D1107310486CEB800E47090 /* Info.plist */ = {isa = PBXFileReference; fileEncoding = 4; lastKnownFileType = text.plist.xml; path = Info.plist; sourceTree = "<group>"; };
		8D1107320486CEB800E47090 /* TeX2img.app */ = {isa = PBXFileReference; explicitFileType = wrapper.application; includeInIndex = 0; path = TeX2img.app; sourceTree = BUILT_PRODUCTS_DIR; };
		CEB04B27225226FB005EED2C /* AppDelegate.swift */ = {isa = PBXFileReference; fileEncoding = 4; lastKnownFileType = sourcecode.swift; path = AppDelegate.swift; sourceTree = "<group>"; };
/* End PBXFileReference section */

/* Begin PBXFrameworksBuildPhase section */
		705DC79F0F1197DC0052AFA5 /* Frameworks */ = {
			isa = PBXFrameworksBuildPhase;
			buildActionMask = 2147483647;
			files = (
				705DC7A80F1197EE0052AFA5 /* Cocoa.framework in Frameworks */,
				705DC7A90F1197EE0052AFA5 /* Quartz.framework in Frameworks */,
			);
			runOnlyForDeploymentPostprocessing = 0;
		};
		8D11072E0486CEB800E47090 /* Frameworks */ = {
			isa = PBXFrameworksBuildPhase;
			buildActionMask = 2147483647;
			files = (
				34522C121BAC550800DE1B86 /* libicucore.tbd in Frameworks */,
				8D11072F0486CEB800E47090 /* Cocoa.framework in Frameworks */,
				7087BD5E0F0E3CD600A06CF5 /* Quartz.framework in Frameworks */,
				348507F8125AC21E0058A26B /* Sparkle.framework in Frameworks */,
			);
			runOnlyForDeploymentPostprocessing = 0;
		};
/* End PBXFrameworksBuildPhase section */

/* Begin PBXGroup section */
		1058C7A0FEA54F0111CA2CBB /* Linked Frameworks */ = {
			isa = PBXGroup;
			children = (
				348507F7125AC21E0058A26B /* Sparkle.framework */,
				1058C7A1FEA54F0111CA2CBB /* Cocoa.framework */,
				7087BD5D0F0E3CD600A06CF5 /* Quartz.framework */,
			);
			name = "Linked Frameworks";
			sourceTree = "<group>";
		};
		1058C7A2FEA54F0111CA2CBB /* Other Frameworks */ = {
			isa = PBXGroup;
			children = (
				29B97324FDCFA39411CA2CEA /* AppKit.framework */,
				13E42FB307B3F0F600E4EEF1 /* CoreData.framework */,
				29B97325FDCFA39411CA2CEA /* Foundation.framework */,
			);
			name = "Other Frameworks";
			sourceTree = "<group>";
		};
		19C28FACFE9D520D11CA2CBB /* Products */ = {
			isa = PBXGroup;
			children = (
				8D1107320486CEB800E47090 /* TeX2img.app */,
				705DC7A10F1197DC0052AFA5 /* tex2img */,
			);
			name = Products;
			sourceTree = "<group>";
		};
		29B97314FDCFA39411CA2CEA /* TeX2img */ = {
			isa = PBXGroup;
			children = (
				34SRC47DC6F477BFA565885F5 /* Sources */,
				29B97317FDCFA39411CA2CEA /* Resources */,
				29B97323FDCFA39411CA2CEA /* Frameworks */,
				19C28FACFE9D520D11CA2CBB /* Products */,
			);
			name = TeX2img;
			sourceTree = "<group>";
		};
		29B97317FDCFA39411CA2CEA /* Resources */ = {
			isa = PBXGroup;
			children = (
				34B5E70320995B2F0071BBE9 /* Images.xcassets */,
				34BF70F91BD1C6FC00AB76A9 /* pdftops */,
				346225651AB558AB00F632AD /* mupdf */,
				34CCBB061A964E8A0061842E /* Templates */,
				34670DD5125B7AC3002308EF /* dsa_pub.pem */,
				34E058F323DDA2CD0038DC90 /* TeX2img.entitlements */,
				342C6194101E637F00E29FEB /* epstopdf */,
				8D1107310486CEB800E47090 /* Info.plist */,
				089C165CFE840E0CC02AAC07 /* InfoPlist.strings */,
				1DDD58140DA1D0A300B32029 /* MainMenu.xib */,
				3499273A1B7867D5009BD5F1 /* GlyphPopoverMulti.xib */,
				3499273B1B7867D5009BD5F1 /* GlyphPopoverSingle.xib */,
				CE4A31F00E5036500095D4FC /* Localizable.strings */,
				348E08811C3DE76F004CFB4B /* UnicodeBlocks.strings */,
				34CID0022F40000200A1FA02 /* cidToUnicode.json */,
				3402125425341B29002D1545 /* Credits.rtf */,
			);
			path = Resources;
			sourceTree = "<group>";
		};
		29B97323FDCFA39411CA2CEA /* Frameworks */ = {
			isa = PBXGroup;
			children = (
				34522C111BAC550800DE1B86 /* libicucore.tbd */,
				1058C7A0FEA54F0111CA2CBB /* Linked Frameworks */,
				1058C7A2FEA54F0111CA2CBB /* Other Frameworks */,
			);
			name = Frameworks;
			sourceTree = "<group>";
		};
		34SRC47DC6F477BFA565885F5 /* Sources */ = {
			isa = PBXGroup;
			children = (
			34SRC9AA437FDCC3A55FEA3B7 /* App */,
			34SRCC093CD213EE25523835B /* Controllers */,
			34SRC6BC2DAA2087C593ABCBF /* Converter */,
			34SRC3C0CF7D6FE525BC99047 /* Editor */,
			34SRC7F5DC46D9DCE5E52A618 /* NSString */,
			34SRC07C8D8DDBF275892A4D7 /* Extensions */,
			34SRC3D1C39B515F35240AD88 /* Utility */,
			34SRC2D7EEA8EFF3F5626B12D /* CLI */,
			34SRC2545F6F49BB45AFC80D9 /* Core */,
			34SRC8DAFEA289C0658268CF0 /* icu */,
			);
			path = Sources;
			sourceTree = "<group>";
		};
		34SRC9AA437FDCC3A55FEA3B7 /* App */ = {
			isa = PBXGroup;
			children = (
				CEB04B27225226FB005EED2C /* AppDelegate.swift */,
			);
			path = App;
			sourceTree = "<group>";
		};
		34SRCC093CD213EE25523835B /* Controllers */ = {
			isa = PBXGroup;
			children = (
				34A5C719251B700000FCF7BD /* ControllerG.swift */,
				34A5C64C251B54A800FCF7BA /* ControllerG-Extension.swift */,
				34CB92912525627E0045CE9E /* ControllerG-UserNotification.swift */,
				34A5C716251B700000FCF7BC /* ControllerC.swift */,
				34A5C712251B700000FCF7BA /* ProfileController.swift */,
				34A5C714251B700000FCF7BB /* MyGlyphPopoverController.swift */,
			);
			path = Controllers;
			sourceTree = "<group>";
		};
		34SRC6BC2DAA2087C593ABCBF /* Converter */ = {
			isa = PBXGroup;
			children = (
				34A5C71F251B700000FCF7BE /* Converter.swift */,
				34A5C63A251B170B00FCF7BA /* Converter-BoundingBox.swift */,
			);
			path = Converter;
			sourceTree = "<group>";
		};
		34SRC3C0CF7D6FE525BC99047 /* Editor */ = {
			isa = PBXGroup;
			children = (
				34E0A0012F20000100A1FA01 /* TeXTextView.swift */,
				34E0A0022F20000100A1FA02 /* TeXTextView-Colorize.swift */,
				34E0A0032F20000100A1FA03 /* TeXTextView-CommandCompletion.swift */,
				34675B29251CE3F8000EBBA3 /* TeXTextView-Bullet.swift */,
				3486591F252659A600B8B190 /* MyATSTypesetter.swift */,
				3408DF35252ED251002A9D9F /* MyLayoutManager.swift */,
				340364352537552B005A43A5 /* AutoSelectTextField.swift */,
			);
			path = Editor;
			sourceTree = "<group>";
		};
		34SRC7F5DC46D9DCE5E52A618 /* NSString */ = {
			isa = PBXGroup;
			children = (
				34A5C709251B700000FCF7BA /* NSString-Extension.swift */,
				34A5C722251B700000FCF7BF /* NSString-Conversion.swift */,
				34A5C723251B700000FCF7BF /* NSString-Conversion+CIDTable.swift */,
				34A5C724251B700000FCF7BF /* NSString-Conversion+LigTable.swift */,
				34A5C714251B700000FCF7BA /* NSString-Unicode.swift */,
				34A5C706251B700000FCF7BA /* NSMutableString-Extension.swift */,
			);
			path = NSString;
			sourceTree = "<group>";
		};
		34SRC07C8D8DDBF275892A4D7 /* Extensions */ = {
			isa = PBXGroup;
			children = (
				34SRCBA7E889651985A8384FB /* Foundation */,
				34SRC7912D259FB885A0DB1C5 /* AppKit */,
				34SRCA50780908E0C5DD89C5C /* PDF */,
			);
			path = Extensions;
			sourceTree = "<group>";
		};
			34SRCBA7E889651985A8384FB /* Foundation */ = {
				isa = PBXGroup;
				children = (
					34A5C6FF251B700000FCF7BA /* NSArray-Extension.swift */,
					34A5C702251B700000FCF7BA /* NSDictionary-Extension.swift */,
					348658FF252643A600B8B190 /* NSIndexSet-Extension.swift */,
					348658F42526402E00B8B190 /* NSDate-Extension.swift */,
					340F4D5F252C07A200FA56D7 /* Data-Extension.swift */,
					3408053C1A96E6B50067AA56 /* FileManager-Extension.swift */,
					348659052526458600B8B190 /* Pipe-Extension.swift */,
					3408DF43252F47B1002A9D9F /* BidirectionalCollection.swift */,
					3408DF44252F47B1002A9D9F /* LosslessStringConvertible.swift */,
					3408DF45252F47B1002A9D9F /* StringProtocol-Extension.swift */,
					3408DF4A252F47B1002A9D9E /* String-Extension.swift */,
				);
				path = Foundation;
				sourceTree = "<group>";
			};
			34SRC7912D259FB885A0DB1C5 /* AppKit */ = {
				isa = PBXGroup;
				children = (
					340F4D67252C799400FA56D7 /* NSApplication-Extension.swift */,
					340F4D6A252C79D900FA56D7 /* NSApperance-Extension.swift */,
					348BBF951B795AB900EDE00C /* NSColor-Extension.swift */,
					34CB9280251F93500045CE9E /* NSColor-DefaultColor.swift */,
					34867AC81B7B4804002AD2CF /* NSColorWell-Extension.swift */,
					340212592534AF36002D1545 /* NSWindow-Extension.swift */,
					3486590A2526473500B8B190 /* NSBitmapImageRep-Extension.swift */,
					3486590F25264BCE00B8B190 /* NSMatrix-Extension.swift */,
					348659152526523000B8B190 /* NSPopover-Extension.swift */,
				);
				path = AppKit;
				sourceTree = "<group>";
			};
			34SRCA50780908E0C5DD89C5C /* PDF */ = {
				isa = PBXGroup;
				children = (
					34BFF6D21B9F1A9F00E8DE77 /* PDFDocument-Extension.swift */,
					348658FA2526421000B8B190 /* PDFPage-Extension.swift */,
					3419976F25282F9D0022F53C /* PDFPageBox.swift */,
				);
				path = PDF;
				sourceTree = "<group>";
			};
		34SRC3D1C39B515F35240AD88 /* Utility */ = {
			isa = PBXGroup;
			children = (
				34A5C70C251B700000FCF7BA /* Utility.swift */,
				34A5C70F251B700000FCF7BA /* UtilityC.swift */,
				34A5C711251B700000FCF7BA /* UtilityG.swift */,
				3402126C2534D272002D1545 /* UserNotificationDelegate.swift */,
			);
			path = Utility;
			sourceTree = "<group>";
		};
		34SRC2D7EEA8EFF3F5626B12D /* CLI */ = {
			isa = PBXGroup;
			children = (
				34D0A0032F10000300A1FA03 /* mainc.swift */,
			);
			path = CLI;
			sourceTree = "<group>";
		};
		34SRC2545F6F49BB45AFC80D9 /* Core */ = {
			isa = PBXGroup;
			children = (
				34HDR012F30000100A1FA01 /* GlobalConstants.swift */,
				34HDR022F30000200A1FA02 /* Types.swift */,
				34A5C638251B170A00FCF7BA /* Bridging-Header-G.h */,
			);
			path = Core;
			sourceTree = "<group>";
		};
		34SRC8DAFEA289C0658268CF0 /* icu */ = {
			isa = PBXGroup;
			children = (
				34F5F5A11B8BF404002F194B /* localpointer.h */,
				34F5F5A21B8BF404002F194B /* platform.h */,
				34F5F5A31B8BF404002F194B /* ptypes.h */,
				34F5F5A41B8BF404002F194B /* putil.h */,
				34F5F5A51B8BF404002F194B /* uchar.h */,
				34F5F5A61B8BF404002F194B /* uconfig.h */,
				34F5F5A71B8BF404002F194B /* uiter.h */,
				34F5F5A81B8BF404002F194B /* umachine.h */,
				34F5F5A91B8BF404002F194B /* unorm2.h */,
				34F5F5AA1B8BF404002F194B /* urename.h */,
				34F5F5AB1B8BF404002F194B /* uset.h */,
				34F5F5AC1B8BF404002F194B /* ustring.h */,
				34F5F5AD1B8BF404002F194B /* utf_old.h */,
				34F5F5AE1B8BF404002F194B /* utf.h */,
				34F5F5AF1B8BF404002F194B /* utf8.h */,
				34F5F5B01B8BF404002F194B /* utf16.h */,
				34F5F5B11B8BF404002F194B /* utypes.h */,
				34F5F5B21B8BF404002F194B /* uvernum.h */,
				34F5F5B31B8BF404002F194B /* uversion.h */,
			);
			path = icu;
			sourceTree = "<group>";
		};
/* End PBXGroup section */

/* Begin PBXNativeTarget section */
		705DC7A00F1197DC0052AFA5 /* tex2img */ = {
			isa = PBXNativeTarget;
			buildConfigurationList = 705DC7B40F1197F80052AFA5 /* Build configuration list for PBXNativeTarget "tex2img" */;
			buildPhases = (
				705DC79E0F1197DC0052AFA5 /* Sources */,
				705DC79F0F1197DC0052AFA5 /* Frameworks */,
				34A517301B8CBB790028FA5F /* ShellScript */,
			);
			buildRules = (
			);
			dependencies = (
			);
			packageProductDependencies = (
				34D0A0022F10000200A1FA02 /* ArgumentParser */,
			);
			name = tex2img;
			productName = tex2img;
			productReference = 705DC7A10F1197DC0052AFA5 /* tex2img */;
			productType = "com.apple.product-type.tool";
		};
		8D1107260486CEB800E47090 /* TeX2img */ = {
			isa = PBXNativeTarget;
			buildConfigurationList = C01FCF4A08A954540054247B /* Build configuration list for PBXNativeTarget "TeX2img" */;
			buildPhases = (
				8D1107290486CEB800E47090 /* Resources */,
				345854881C24556F001B64AC /* ShellScript */,
				34850826125AC99A0058A26B /* フレームワークをコピー */,
				8D11072C0486CEB800E47090 /* Sources */,
				8D11072E0486CEB800E47090 /* Frameworks */,
				34A5C669251BD4F800FCF7BA /* Copy Command Line Tools */,
				34670E17125B7F6F002308EF /* ShellScript */,
			);
			buildRules = (
			);
			dependencies = (
				34SAFE022F30000200A1FA02 /* PBXTargetDependency */,
			);
			name = TeX2img;
			productInstallPath = "$(HOME)/Applications";
			productName = TeX2img;
			productReference = 8D1107320486CEB800E47090 /* TeX2img.app */;
			productType = "com.apple.product-type.application";
		};
/* End PBXNativeTarget section */

/* Begin PBXProject section */
		29B97313FDCFA39411CA2CEA /* Project object */ = {
			isa = PBXProject;
			attributes = {
				LastUpgradeCheck = 1300;
				TargetAttributes = {
					705DC7A00F1197DC0052AFA5 = {
						DevelopmentTeam = 86GWZ48925;
						LastSwiftMigration = 1220;
						ProvisioningStyle = Manual;
					};
					8D1107260486CEB800E47090 = {
						DevelopmentTeam = 86GWZ48925;
						LastSwiftMigration = 1220;
						ProvisioningStyle = Manual;
					};
				};
			};
			buildConfigurationList = C01FCF4E08A954540054247B /* Build configuration list for PBXProject "TeX2img" */;
			compatibilityVersion = "Xcode 3.2";
			developmentRegion = en;
			hasScannedForEncodings = 1;
			knownRegions = (
				Base,
				ja,
				de,
				fr,
				en,
			);
			mainGroup = 29B97314FDCFA39411CA2CEA /* TeX2img */;
			packageReferences = (
				34D0A0012F10000100A1FA01 /* XCRemoteSwiftPackageReference "swift-argument-parser" */,
			);
			projectDirPath = "";
			projectRoot = "";
			targets = (
				8D1107260486CEB800E47090 /* TeX2img */,
				705DC7A00F1197DC0052AFA5 /* tex2img */,
			);
		};
/* End PBXProject section */

/* Begin PBXResourcesBuildPhase section */
		8D1107290486CEB800E47090 /* Resources */ = {
			isa = PBXResourcesBuildPhase;
			buildActionMask = 2147483647;
			files = (
				34CCBB071A964E8A0061842E /* Templates in Resources */,
				8D11072B0486CEB800E47090 /* InfoPlist.strings in Resources */,
				1DDD58160DA1D0A300B32029 /* MainMenu.xib in Resources */,
				CE4A31F10E5036500095D4FC /* Localizable.strings in Resources */,
				342C6196101E637F00E29FEB /* epstopdf in Resources */,
				3499273D1B7867D5009BD5F1 /* GlyphPopoverSingle.xib in Resources */,
				34BF70FA1BD1C6FC00AB76A9 /* pdftops in Resources */,
				3402125525341B29002D1545 /* Credits.rtf in Resources */,
				348E08831C3DE76F004CFB4B /* UnicodeBlocks.strings in Resources */,
				34CID0012F40000100A1FA01 /* cidToUnicode.json in Resources */,
				34B5E70420995B2F0071BBE9 /* Images.xcassets in Resources */,
				346225661AB558AB00F632AD /* mupdf in Resources */,
				34670DD6125B7AC3002308EF /* dsa_pub.pem in Resources */,
				3499273C1B7867D5009BD5F1 /* GlyphPopoverMulti.xib in Resources */,
			);
			runOnlyForDeploymentPostprocessing = 0;
		};
/* End PBXResourcesBuildPhase section */

/* Begin PBXShellScriptBuildPhase section */
		345854881C24556F001B64AC /* ShellScript */ = {
			isa = PBXShellScriptBuildPhase;
			buildActionMask = 2147483647;
			files = (
			);
			inputPaths = (
			);
			outputPaths = (
			);
			runOnlyForDeploymentPostprocessing = 0;
			shellPath = /bin/sh;
			shellScript = "cd \"${BUILT_PRODUCTS_DIR}/${PRODUCT_NAME}.app/Contents/Resources/pdftops\"\nln -sf pdftops xpdf-pdftops\nchmod +x xpdf-pdftops\n";
		};
		34670E17125B7F6F002308EF /* ShellScript */ = {
			isa = PBXShellScriptBuildPhase;
			buildActionMask = 2147483647;
			files = (
			);
			inputPaths = (
			);
			outputPaths = (
			);
			runOnlyForDeploymentPostprocessing = 0;
			shellPath = /usr/bin/ruby;
			shellScript = "# coding: utf-8\nEncoding.default_external = 'utf-8'\nEncoding.default_internal = 'utf-8'\n\nrequire 'pathname'\nVER = `cat Resources/Info.plist |tr -d '\\012'| perl -e \"while(<>){if (\\\\$_ =~ /CFBundleVersion\\\\<\\\\/key\\\\>\\\\t\\\\<string\\\\>(.+?)\\<\\\\/string\\\\>/) {print \\\\$1;}}\"`\nBUILT_PRODUCTS_DIR = ENV['BUILT_PRODUCTS_DIR']\nPRODUCT_NAME = ENV['PRODUCT_NAME']\nORIG_DMG = Pathname.pwd.parent.join('TeX2imgDmg/Disk Image.dmg').to_s\nDMG = \"#{BUILT_PRODUCTS_DIR}/#{PRODUCT_NAME}_#{VER}.dmg\"\nAPPCAST = Pathname.pwd.parent.join(\"#{PRODUCT_NAME}_Appcast\").to_s\nOUTPUT = \"#{BUILT_PRODUCTS_DIR}/deploy.sh\"\nOPENSSL = \"/usr/bin/openssl\"\n\nscript = <<EOS\n#!/bin/bash\nAPPCAST=\"#{APPCAST}\"\nif [ -e \"#{DMG}\" ]; then rm \"#{DMG}\"; fi\nif [ -e \"${APPCAST}2.xml\" ]; then rm \"${APPCAST}2.xml\"; fi\n\n#hdiutil create -ov -srcfolder \"#{BUILT_PRODUCTS_DIR}/#{PRODUCT_NAME}.app\" -fs HFS+ -format UDZO -imagekey zlib-level=9 -volname \"#{PRODUCT_NAME}\" \"#{DMG}\"\nmv \"#{ORIG_DMG}\" \"#{DMG}\"\n\nif ! [ $? -eq 0 ]; then\n    echo ERROR\n    exit 1\nfi\n\ncodesign --force -s \"Developer ID Application: Yusuke Terada (86GWZ48925)\" \"#{DMG}\"\n\nSIGNATURE=$(\"#{OPENSSL}\" dgst -sha1 -binary < \"#{DMG}\" | \"#{OPENSSL}\" dgst -dss1 -sign \"#{Pathname.pwd.parent.parent.join(\"設定/証明書/Sparkle/dsa_priv.pem\").to_s}\" |\"#{OPENSSL}\" enc -base64)\nLENGTH=$(ls -l \"#{DMG}\" | sed -e 's/  */ /g' | cut -d ' ' -f5  | tr -d '\\012')\n\nsed -e \"s|dsaSignature=\\\\\".*\\\\\"|dsaSignature=\\\\\"$SIGNATURE\\\\\"|\" -e \"s/length=\\\\\".*\\\\\"/length=\\\\\"$LENGTH\\\\\"/\" -e \"s/#{PRODUCT_NAME}_.*\\\\.dmg/#{PRODUCT_NAME}_#{VER}.dmg/\" -e 's/sparkle:version=\".*\"/sparkle:version=\"#{VER}\"/' \"${APPCAST}.xml\" > \"${APPCAST}2.xml\"\n\nmv \"${APPCAST}2.xml\" \"${APPCAST}.xml\"\necho Created: #{DMG}\necho Updated: \"${APPCAST}.xml\"\nEOS\n\nopen(OUTPUT, \"w\"){|f| f.write script}\nsystem(\"chmod +x #{OUTPUT}\")\n";
		};
		34A517301B8CBB790028FA5F /* ShellScript */ = {
			isa = PBXShellScriptBuildPhase;
			buildActionMask = 2147483647;
			files = (
			);
			inputPaths = (
			);
			outputPaths = (
			);
			runOnlyForDeploymentPostprocessing = 0;
			shellPath = /bin/sh;
			shellScript = "VER=`grep 'let tex2imgVersion' Sources/CLI/mainc.swift | sed 's/.*= \"\\(.*\\)\"/\\1/'`\ncd $BUILT_PRODUCTS_DIR\necho \"#!/bin/sh\" > deployc.sh\necho zip tex2imgcMac$VER.zip tex2img >> deployc.sh\nchmod +x deployc.sh\n";
		};
/* End PBXShellScriptBuildPhase section */

/* Begin PBXSourcesBuildPhase section */
		705DC79E0F1197DC0052AFA5 /* Sources */ = {
			isa = PBXSourcesBuildPhase;
			buildActionMask = 2147483647;
			files = (
				3486590C2526473500B8B190 /* NSBitmapImageRep-Extension.swift in Sources */,
				349276B01BFA19FB00C0BD99 /* NSColor-Extension.swift in Sources */,
				3408DF4A252F489A002A9D9F /* StringProtocol-Extension.swift in Sources */,
				3408DF4B252F489E002A9D9E /* String-Extension.swift in Sources */,
				3408DF4B252F489D002A9D9F /* BidirectionalCollection.swift in Sources */,
				3408DF4C252F48A0002A9D9F /* LosslessStringConvertible.swift in Sources */,
				34BFF6D41B9F1A9F00E8DE77 /* PDFDocument-Extension.swift in Sources */,
				348659072526458600B8B190 /* Pipe-Extension.swift in Sources */,
				340F4D61252C086000FA56D7 /* Data-Extension.swift in Sources */,
				34A5C63C251B170B00FCF7BA /* Converter-BoundingBox.swift in Sources */,
				348658FC2526421000B8B190 /* PDFPage-Extension.swift in Sources */,
				34865902252643BE00B8B190 /* NSIndexSet-Extension.swift in Sources */,
				3419977125282F9D0022F53C /* PDFPageBox.swift in Sources */,
				348658F62526402E00B8B190 /* NSDate-Extension.swift in Sources */,
				34FMEXT12F40000300A1FA03 /* FileManager-Extension.swift in Sources */,
				34A5C70D251B700000FCF7BA /* Utility.swift in Sources */,
				34HDR032F30000300A1FA03 /* GlobalConstants.swift in Sources */,
				34HDR052F30000500A1FA05 /* Types.swift in Sources */,
				34A5C704251B700000FCF7BA /* NSDictionary-Extension.swift in Sources */,
				34A5C717251B700000FCF7BC /* ControllerC.swift in Sources */,
				34A5C70E251B700000FCF7BA /* UtilityC.swift in Sources */,
				34A5C701251B700000FCF7BA /* NSArray-Extension.swift in Sources */,
				34A5C721251B700000FCF7BE /* Converter.swift in Sources */,
				34D0A0042F10000400A1FA04 /* mainc.swift in Sources */,
				34A5C70A251B700000FCF7BA /* NSString-Extension.swift in Sources */,
				34A5C707251B700000FCF7BA /* NSMutableString-Extension.swift in Sources */,
				34A5C728251B700000FCF7BF /* NSString-Conversion.swift in Sources */,
				34A5C729251B700000FCF7BF /* NSString-Conversion+CIDTable.swift in Sources */,
				34A5C72A251B700000FCF7BF /* NSString-Conversion+LigTable.swift in Sources */,
			);
			runOnlyForDeploymentPostprocessing = 0;
		};
		8D11072C0486CEB800E47090 /* Sources */ = {
			isa = PBXSourcesBuildPhase;
			buildActionMask = 2147483647;
			files = (
				3419977025282F9D0022F53C /* PDFPageBox.swift in Sources */,
				348658FB2526421000B8B190 /* PDFPage-Extension.swift in Sources */,
				34CB9281251F93500045CE9E /* NSColor-DefaultColor.swift in Sources */,
				348BBF961B795AB900EDE00C /* NSColor-Extension.swift in Sources */,
				3486591025264BCE00B8B190 /* NSMatrix-Extension.swift in Sources */,
				3408DF46252F47B1002A9D9F /* BidirectionalCollection.swift in Sources */,
				348659162526523000B8B190 /* NSPopover-Extension.swift in Sources */,
				34865920252659A600B8B190 /* MyATSTypesetter.swift in Sources */,
				348659062526458600B8B190 /* Pipe-Extension.swift in Sources */,
				340F4D63252C086A00FA56D7 /* Data-Extension.swift in Sources */,
				34A5C63B251B170B00FCF7BA /* Converter-BoundingBox.swift in Sources */,
				3402125A2534AF36002D1545 /* NSWindow-Extension.swift in Sources */,
				3408DF47252F47B1002A9D9F /* LosslessStringConvertible.swift in Sources */,
				340F4D68252C799400FA56D7 /* NSApplication-Extension.swift in Sources */,
				CEB04B28225226FB005EED2C /* AppDelegate.swift in Sources */,
				34865900252643A600B8B190 /* NSIndexSet-Extension.swift in Sources */,
				34E0A0112F20000100A1FA11 /* TeXTextView.swift in Sources */,
				34E0A0122F20000100A1FA12 /* TeXTextView-Colorize.swift in Sources */,
				34E0A0132F20000100A1FA13 /* TeXTextView-CommandCompletion.swift in Sources */,
				34675B2B251CE443000EBBA3 /* TeXTextView-Bullet.swift in Sources */,
				3408053D1A96E6B50067AA56 /* FileManager-Extension.swift in Sources */,
				3486590B2526473500B8B190 /* NSBitmapImageRep-Extension.swift in Sources */,
				34A5C64D251B54A800FCF7BA /* ControllerG-Extension.swift in Sources */,
				34CB92922525627E0045CE9E /* ControllerG-UserNotification.swift in Sources */,
				340F4D6B252C79D900FA56D7 /* NSApperance-Extension.swift in Sources */,
				34867AC91B7B4804002AD2CF /* NSColorWell-Extension.swift in Sources */,
				3408DF48252F47B1002A9D9F /* StringProtocol-Extension.swift in Sources */,
				3408DF49252F47B1002A9D9E /* String-Extension.swift in Sources */,
				34BFF6D31B9F1A9F00E8DE77 /* PDFDocument-Extension.swift in Sources */,
				348658F52526402E00B8B190 /* NSDate-Extension.swift in Sources */,
				340364362537552B005A43A5 /* AutoSelectTextField.swift in Sources */,
				3402126D2534D273002D1545 /* UserNotificationDelegate.swift in Sources */,
				3408DF36252ED251002A9D9F /* MyLayoutManager.swift in Sources */,

				34A5C710251B700000FCF7BA /* UtilityG.swift in Sources */,
				34A5C718251B700000FCF7BD /* ControllerG.swift in Sources */,
				34A5C715251B700000FCF7BA /* NSString-Unicode.swift in Sources */,
				34A5C720251B700000FCF7BE /* Converter.swift in Sources */,
				34A5C703251B700000FCF7BA /* NSDictionary-Extension.swift in Sources */,
				34A5C725251B700000FCF7BF /* NSString-Conversion.swift in Sources */,
				34A5C726251B700000FCF7BF /* NSString-Conversion+CIDTable.swift in Sources */,
				34A5C727251B700000FCF7BF /* NSString-Conversion+LigTable.swift in Sources */,
				34A5C713251B700000FCF7BA /* ProfileController.swift in Sources */,
				34A5C70B251B700000FCF7BA /* Utility.swift in Sources */,
				34HDR042F30000400A1FA04 /* GlobalConstants.swift in Sources */,
				34HDR062F30000600A1FA06 /* Types.swift in Sources */,
				34A5C715251B700000FCF7BB /* MyGlyphPopoverController.swift in Sources */,
				34A5C700251B700000FCF7BA /* NSArray-Extension.swift in Sources */,
				34A5C705251B700000FCF7BA /* NSMutableString-Extension.swift in Sources */,
				34A5C708251B700000FCF7BA /* NSString-Extension.swift in Sources */,
			);
			runOnlyForDeploymentPostprocessing = 0;
		};
/* End PBXSourcesBuildPhase section */

/* Begin PBXTargetDependency section */
		34SAFE022F30000200A1FA02 /* PBXTargetDependency */ = {
			isa = PBXTargetDependency;
			target = 705DC7A00F1197DC0052AFA5 /* tex2img */;
			targetProxy = 34SAFE012F30000100A1FA01 /* PBXContainerItemProxy */;
		};
/* End PBXTargetDependency section */

/* Begin PBXVariantGroup section */
		089C165CFE840E0CC02AAC07 /* InfoPlist.strings */ = {
			isa = PBXVariantGroup;
			children = (
				343A66D82249CAB40026CFA3 /* ja */,
				343A66DC2249CABC0026CFA3 /* en */,
			);
			name = InfoPlist.strings;
			sourceTree = "<group>";
		};
		1DDD58140DA1D0A300B32029 /* MainMenu.xib */ = {
			isa = PBXVariantGroup;
			children = (
				343A66D72249CAB20026CFA3 /* Base */,
				343A66DA2249CAB50026CFA3 /* ja */,
			);
			name = MainMenu.xib;
			sourceTree = "<group>";
		};
		348E08811C3DE76F004CFB4B /* UnicodeBlocks.strings */ = {
			isa = PBXVariantGroup;
			children = (
				343A66DB2249CAB50026CFA3 /* ja */,
			);
			name = UnicodeBlocks.strings;
			sourceTree = "<group>";
		};
		CE4A31F00E5036500095D4FC /* Localizable.strings */ = {
			isa = PBXVariantGroup;
			children = (
				343A66D92249CAB50026CFA3 /* ja */,
				343A66DD2249CABC0026CFA3 /* en */,
			);
			name = Localizable.strings;
			sourceTree = "<group>";
		};
/* End PBXVariantGroup section */

/* Begin XCBuildConfiguration section */
		705DC7A30F1197DD0052AFA5 /* Debug */ = {
			isa = XCBuildConfiguration;
			buildSettings = {
				ALWAYS_SEARCH_USER_PATHS = NO;
				CLANG_ENABLE_MODULES = YES;
				CLANG_ENABLE_OBJC_ARC = YES;
				CODE_SIGN_IDENTITY = "Developer ID Application";
				CODE_SIGN_STYLE = Manual;
				COPY_PHASE_STRIP = NO;
				DEVELOPMENT_TEAM = 86GWZ48925;
				ENABLE_HARDENED_RUNTIME = YES;
				FRAMEWORK_SEARCH_PATHS = (
					"$(inherited)",
					.,
					"$(SYSTEM_LIBRARY_DIR)/Frameworks/Quartz.framework/Frameworks",
				);
				GCC_DYNAMIC_NO_PIC = NO;
				GCC_MODEL_TUNING = G5;
				GCC_OPTIMIZATION_LEVEL = 0;
				INSTALL_PATH = /usr/local/bin;
				LD_RUNPATH_SEARCH_PATHS = "$(inherited) @executable_path/../Frameworks @loader_path/../Frameworks";
				MACOSX_DEPLOYMENT_TARGET = 10.13;
				OTHER_LDFLAGS = (
					"-framework",
					Foundation,
					"-framework",
					AppKit,
				);
				PRODUCT_NAME = tex2img;
				PROVISIONING_PROFILE_SPECIFIER = "";
				SWIFT_EMIT_CONST_VALUES = NO;
				SWIFT_OPTIMIZATION_LEVEL = "-Onone";
				SWIFT_VERSION = 5.0;
			};
			name = Debug;
		};
		705DC7A40F1197DD0052AFA5 /* Release */ = {
			isa = XCBuildConfiguration;
			buildSettings = {
				ALWAYS_SEARCH_USER_PATHS = NO;
				CLANG_ENABLE_MODULES = YES;
				CLANG_ENABLE_OBJC_ARC = YES;
				CODE_SIGN_IDENTITY = "Developer ID Application";
				CODE_SIGN_STYLE = Manual;
				COPY_PHASE_STRIP = YES;
				DEBUG_INFORMATION_FORMAT = "dwarf-with-dsym";
				DEVELOPMENT_TEAM = 86GWZ48925;
				ENABLE_HARDENED_RUNTIME = YES;
				FRAMEWORK_SEARCH_PATHS = (
					"$(inherited)",
					.,
					"$(SYSTEM_LIBRARY_DIR)/Frameworks/Quartz.framework/Frameworks",
				);
				GCC_MODEL_TUNING = G5;
				INSTALL_PATH = /usr/local/bin;
				LD_RUNPATH_SEARCH_PATHS = "$(inherited) @executable_path/../Frameworks @loader_path/../Frameworks";
				MACOSX_DEPLOYMENT_TARGET = 10.13;
				OTHER_LDFLAGS = (
					"-framework",
					Foundation,
					"-framework",
					AppKit,
				);
				PRODUCT_NAME = tex2img;
				PROVISIONING_PROFILE_SPECIFIER = "";
				SKIP_INSTALL = YES;
				SWIFT_EMIT_CONST_VALUES = NO;
				SWIFT_VERSION = 5.0;
				ZERO_LINK = NO;
			};
			name = Release;
		};
		C01FCF4B08A954540054247B /* Debug */ = {
			isa = XCBuildConfiguration;
			buildSettings = {
				ALWAYS_SEARCH_USER_PATHS = NO;
				ASSETCATALOG_COMPILER_APPICON_NAME = AppIcon;
				ASSETCATALOG_COMPILER_GENERATE_SWIFT_ASSET_SYMBOLS = NO;
				CLANG_ENABLE_MODULES = YES;
				CLANG_ENABLE_OBJC_ARC = YES;
				CODE_SIGN_ENTITLEMENTS = Resources/TeX2img.entitlements;
				CODE_SIGN_IDENTITY = "Developer ID Application";
				CODE_SIGN_STYLE = Manual;
				COMBINE_HIDPI_IMAGES = YES;
				COPY_PHASE_STRIP = NO;
				DEVELOPMENT_TEAM = 86GWZ48925;
				ENABLE_HARDENED_RUNTIME = YES;
				FRAMEWORK_SEARCH_PATHS = (
					"$(inherited)",
					.,
					"$(SYSTEM_LIBRARY_DIR)/Frameworks/Quartz.framework/Frameworks",
				);
				GCC_DYNAMIC_NO_PIC = NO;
				GCC_MODEL_TUNING = G5;
				GCC_OPTIMIZATION_LEVEL = 0;
				INFOPLIST_FILE = "$(SRCROOT)/Resources/Info.plist";
				INSTALL_PATH = "$(HOME)/Applications";
				LD_RUNPATH_SEARCH_PATHS = "$(inherited) @executable_path/../Frameworks";
				LIBRARY_SEARCH_PATHS = "$(inherited)";
				MACOSX_DEPLOYMENT_TARGET = 10.13;
				OTHER_CFLAGS = "-DU_DISABLE_RENAMING=1";
				OTHER_LDFLAGS = "-Wl,-rpath,@loader_path/../Frameworks";
				PRODUCT_BUNDLE_IDENTIFIER = "com.loveinequality.${PRODUCT_NAME:identifier}";
				PRODUCT_NAME = TeX2img;
				PROVISIONING_PROFILE = "";
				PROVISIONING_PROFILE_SPECIFIER = "";
				SWIFT_OBJC_BRIDGING_HEADER = "Sources/Core/Bridging-Header-G.h";
				SWIFT_OPTIMIZATION_LEVEL = "-Onone";
				SWIFT_VERSION = 5.0;
			};
			name = Debug;
		};
		C01FCF4C08A954540054247B /* Release */ = {
			isa = XCBuildConfiguration;
			buildSettings = {
				ALWAYS_SEARCH_USER_PATHS = NO;
				ASSETCATALOG_COMPILER_APPICON_NAME = AppIcon;
				ASSETCATALOG_COMPILER_GENERATE_SWIFT_ASSET_SYMBOLS = NO;
				CLANG_ENABLE_MODULES = YES;
				CLANG_ENABLE_OBJC_ARC = YES;
				CODE_SIGN_ENTITLEMENTS = Resources/TeX2img.entitlements;
				CODE_SIGN_IDENTITY = "Developer ID Application";
				CODE_SIGN_STYLE = Manual;
				COMBINE_HIDPI_IMAGES = YES;
				DEBUG_INFORMATION_FORMAT = "dwarf-with-dsym";
				DEVELOPMENT_TEAM = 86GWZ48925;
				ENABLE_HARDENED_RUNTIME = YES;
				FRAMEWORK_SEARCH_PATHS = (
					"$(inherited)",
					.,
					"$(SYSTEM_LIBRARY_DIR)/Frameworks/Quartz.framework/Frameworks",
				);
				GCC_MODEL_TUNING = G5;
				INFOPLIST_FILE = "$(SRCROOT)/Resources/Info.plist";
				INSTALL_PATH = "$(HOME)/Applications";
				LD_RUNPATH_SEARCH_PATHS = "$(inherited) @executable_path/../Frameworks";
				LIBRARY_SEARCH_PATHS = "$(inherited)";
				MACOSX_DEPLOYMENT_TARGET = 10.13;
				OTHER_CFLAGS = "-DU_DISABLE_RENAMING=1";
				OTHER_LDFLAGS = "-Wl,-rpath,@loader_path/../Frameworks";
				PRODUCT_BUNDLE_IDENTIFIER = "com.loveinequality.${PRODUCT_NAME:identifier}";
				PRODUCT_NAME = TeX2img;
				PROVISIONING_PROFILE = "";
				PROVISIONING_PROFILE_SPECIFIER = "";
				SWIFT_OBJC_BRIDGING_HEADER = "Sources/Core/Bridging-Header-G.h";
				SWIFT_VERSION = 5.0;
			};
			name = Release;
		};
		C01FCF4F08A954540054247B /* Debug */ = {
			isa = XCBuildConfiguration;
			buildSettings = {
				CLANG_ANALYZER_LOCALIZABILITY_NONLOCALIZED = YES;
				CLANG_WARN_BLOCK_CAPTURE_AUTORELEASING = YES;
				CLANG_WARN_BOOL_CONVERSION = YES;
				CLANG_WARN_COMMA = YES;
				CLANG_WARN_CONSTANT_CONVERSION = YES;
				CLANG_WARN_DEPRECATED_OBJC_IMPLEMENTATIONS = YES;
				CLANG_WARN_EMPTY_BODY = YES;
				CLANG_WARN_ENUM_CONVERSION = YES;
				CLANG_WARN_INFINITE_RECURSION = YES;
				CLANG_WARN_INT_CONVERSION = YES;
				CLANG_WARN_NON_LITERAL_NULL_CONVERSION = YES;
				CLANG_WARN_OBJC_IMPLICIT_RETAIN_SELF = YES;
				CLANG_WARN_OBJC_LITERAL_CONVERSION = YES;
				CLANG_WARN_QUOTED_INCLUDE_IN_FRAMEWORK_HEADER = YES;
				CLANG_WARN_RANGE_LOOP_ANALYSIS = YES;
				CLANG_WARN_STRICT_PROTOTYPES = YES;
				CLANG_WARN_SUSPICIOUS_MOVE = YES;
				CLANG_WARN_UNREACHABLE_CODE = YES;
				CLANG_WARN__DUPLICATE_METHOD_MATCH = YES;
				CODE_SIGN_IDENTITY = "Developer ID Application";
				CODE_SIGN_STYLE = Manual;
				COPY_PHASE_STRIP = NO;
				DEVELOPMENT_TEAM = 86GWZ48925;
				ENABLE_HARDENED_RUNTIME = YES;
				ENABLE_STRICT_OBJC_MSGSEND = YES;
				ENABLE_TESTABILITY = YES;
				GCC_C_LANGUAGE_STANDARD = c99;
				GCC_NO_COMMON_BLOCKS = YES;
				GCC_OPTIMIZATION_LEVEL = 0;
				GCC_VERSION = "";
				GCC_WARN_64_TO_32_BIT_CONVERSION = YES;
				GCC_WARN_ABOUT_RETURN_TYPE = YES;
				GCC_WARN_UNDECLARED_SELECTOR = YES;
				GCC_WARN_UNINITIALIZED_AUTOS = YES;
				GCC_WARN_UNUSED_FUNCTION = YES;
				GCC_WARN_UNUSED_VARIABLE = YES;
				MACOSX_DEPLOYMENT_TARGET = 10.9;
				ONLY_ACTIVE_ARCH = YES;
				PROVISIONING_PROFILE = "";
				SDKROOT = macosx;
				STRIP_INSTALLED_PRODUCT = NO;
				SWIFT_VERSION = 5.0;
				VALID_ARCHS = "arm64 arm64e i386 x86_64";
			};
			name = Debug;
		};
		C01FCF5008A954540054247B /* Release */ = {
			isa = XCBuildConfiguration;
			buildSettings = {
				CLANG_ANALYZER_LOCALIZABILITY_NONLOCALIZED = YES;
				CLANG_WARN_BLOCK_CAPTURE_AUTORELEASING = YES;
				CLANG_WARN_BOOL_CONVERSION = YES;
				CLANG_WARN_COMMA = YES;
				CLANG_WARN_CONSTANT_CONVERSION = YES;
				CLANG_WARN_DEPRECATED_OBJC_IMPLEMENTATIONS = YES;
				CLANG_WARN_EMPTY_BODY = YES;
				CLANG_WARN_ENUM_CONVERSION = YES;
				CLANG_WARN_INFINITE_RECURSION = YES;
				CLANG_WARN_INT_CONVERSION = YES;
				CLANG_WARN_NON_LITERAL_NULL_CONVERSION = YES;
				CLANG_WARN_OBJC_IMPLICIT_RETAIN_SELF = YES;
				CLANG_WARN_OBJC_LITERAL_CONVERSION = YES;
				CLANG_WARN_QUOTED_INCLUDE_IN_FRAMEWORK_HEADER = YES;
				CLANG_WARN_RANGE_LOOP_ANALYSIS = YES;
				CLANG_WARN_STRICT_PROTOTYPES = YES;
				CLANG_WARN_SUSPICIOUS_MOVE = YES;
				CLANG_WARN_UNREACHABLE_CODE = YES;
				CLANG_WARN__DUPLICATE_METHOD_MATCH = YES;
				CODE_SIGN_IDENTITY = "Developer ID Application";
				CODE_SIGN_INJECT_BASE_ENTITLEMENTS = NO;
				CODE_SIGN_STYLE = Manual;
				COPY_PHASE_STRIP = NO;
				DEVELOPMENT_TEAM = 86GWZ48925;
				ENABLE_HARDENED_RUNTIME = YES;
				ENABLE_STRICT_OBJC_MSGSEND = YES;
				GCC_C_LANGUAGE_STANDARD = c99;
				GCC_NO_COMMON_BLOCKS = YES;
				GCC_VERSION = "";
				GCC_WARN_64_TO_32_BIT_CONVERSION = YES;
				GCC_WARN_ABOUT_RETURN_TYPE = YES;
				GCC_WARN_UNDECLARED_SELECTOR = YES;
				GCC_WARN_UNINITIALIZED_AUTOS = YES;
				GCC_WARN_UNUSED_FUNCTION = YES;
				GCC_WARN_UNUSED_VARIABLE = YES;
				MACOSX_DEPLOYMENT_TARGET = 10.9;
				PROVISIONING_PROFILE = "";
				SDKROOT = macosx;
				STRIP_INSTALLED_PRODUCT = NO;
				SWIFT_COMPILATION_MODE = wholemodule;
				SWIFT_VERSION = 5.0;
				VALID_ARCHS = "arm64 arm64e i386 x86_64";
			};
			name = Release;
		};
/* End XCBuildConfiguration section */

/* Begin XCConfigurationList section */
		705DC7B40F1197F80052AFA5 /* Build configuration list for PBXNativeTarget "tex2img" */ = {
			isa = XCConfigurationList;
			buildConfigurations = (
				705DC7A30F1197DD0052AFA5 /* Debug */,
				705DC7A40F1197DD0052AFA5 /* Release */,
			);
			defaultConfigurationIsVisible = 0;
			defaultConfigurationName = Release;
		};
		C01FCF4A08A954540054247B /* Build configuration list for PBXNativeTarget "TeX2img" */ = {
			isa = XCConfigurationList;
			buildConfigurations = (
				C01FCF4B08A954540054247B /* Debug */,
				C01FCF4C08A954540054247B /* Release */,
			);
			defaultConfigurationIsVisible = 0;
			defaultConfigurationName = Release;
		};
		C01FCF4E08A954540054247B /* Build configuration list for PBXProject "TeX2img" */ = {
			isa = XCConfigurationList;
			buildConfigurations = (
				C01FCF4F08A954540054247B /* Debug */,
				C01FCF5008A954540054247B /* Release */,
			);
			defaultConfigurationIsVisible = 0;
			defaultConfigurationName = Release;
		};
/* End XCConfigurationList section */

/* Begin XCRemoteSwiftPackageReference section */
		34D0A0012F10000100A1FA01 /* XCRemoteSwiftPackageReference "swift-argument-parser" */ = {
			isa = XCRemoteSwiftPackageReference;
			repositoryURL = "https://github.com/apple/swift-argument-parser";
			requirement = {
				kind = upToNextMajorVersion;
				minimumVersion = 1.3.0;
			};
		};
/* End XCRemoteSwiftPackageReference section */

/* Begin XCSwiftPackageProductDependency section */
		34D0A0022F10000200A1FA02 /* ArgumentParser */ = {
			isa = XCSwiftPackageProductDependency;
			package = 34D0A0012F10000100A1FA01 /* XCRemoteSwiftPackageReference "swift-argument-parser" */;
			productName = ArgumentParser;
		};
/* End XCSwiftPackageProductDependency section */
	};
	rootObject = 29B97313FDCFA39411CA2CEA /* Project object */;
}
